// !$*UTF8*$!
{
	archiveVersion = 1;
	classes = {
	};
	objectVersion = 56;
	objects = {

/* Begin PBXBuildFile section */
		2A35E6802A775A66000DDA17 /* Profile.swift in Sources */ = {isa = PBXBuildFile; fileRef = 2A35E67F2A775A66000DDA17 /* Profile.swift */; };
		2A35E6832A775BD1000DDA17 /* ProfileHost.swift in Sources */ = {isa = PBXBuildFile; fileRef = 2A35E6822A775BD1000DDA17 /* ProfileHost.swift */; };
		2A35E6852A775EA9000DDA17 /* ProfileSummary.swift in Sources */ = {isa = PBXBuildFile; fileRef = 2A35E6842A775EA9000DDA17 /* ProfileSummary.swift */; };
		2A35E6872A7765E9000DDA17 /* HikeBadge.swift in Sources */ = {isa = PBXBuildFile; fileRef = 2A35E6862A7765E9000DDA17 /* HikeBadge.swift */; };
		2A35E6892A777089000DDA17 /* ProfileEditor.swift in Sources */ = {isa = PBXBuildFile; fileRef = 2A35E6882A777089000DDA17 /* ProfileEditor.swift */; };
		2A35E68B2A77843F000DDA17 /* PageViewController.swift in Sources */ = {isa = PBXBuildFile; fileRef = 2A35E68A2A77843F000DDA17 /* PageViewController.swift */; };
		2A35E68E2A77897F000DDA17 /* FeatureCard.swift in Sources */ = {isa = PBXBuildFile; fileRef = 2A35E68D2A77897F000DDA17 /* FeatureCard.swift */; };
		2A35E6902A7790F8000DDA17 /* PageView.swift in Sources */ = {isa = PBXBuildFile; fileRef = 2A35E68F2A7790F8000DDA17 /* PageView.swift */; };
		2A35E6922A779E06000DDA17 /* PageControl.swift in Sources */ = {isa = PBXBuildFile; fileRef = 2A35E6912A779E06000DDA17 /* PageControl.swift */; };
		2A35E69C2A77AA21000DDA17 /* ContentView.swift in Sources */ = {isa = PBXBuildFile; fileRef = 2A35E69B2A77AA21000DDA17 /* ContentView.swift */; };
		2A35E69E2A77AA22000DDA17 /* Assets.xcassets in Resources */ = {isa = PBXBuildFile; fileRef = 2A35E69D2A77AA22000DDA17 /* Assets.xcassets */; };
		2A35E6A12A77AA22000DDA17 /* Preview Assets.xcassets in Resources */ = {isa = PBXBuildFile; fileRef = 2A35E6A02A77AA22000DDA17 /* Preview Assets.xcassets */; };
		2A35E6AB2A77AA22000DDA17 /* WatchLandmarks_Watch_AppTests.swift in Sources */ = {isa = PBXBuildFile; fileRef = 2A35E6AA2A77AA22000DDA17 /* WatchLandmarks_Watch_AppTests.swift */; };
		2A35E6B52A77AA22000DDA17 /* WatchLandmarks_Watch_AppUITests.swift in Sources */ = {isa = PBXBuildFile; fileRef = 2A35E6B42A77AA22000DDA17 /* WatchLandmarks_Watch_AppUITests.swift */; };
		2A35E6B72A77AA22000DDA17 /* WatchLandmarks_Watch_AppUITestsLaunchTests.swift in Sources */ = {isa = PBXBuildFile; fileRef = 2A35E6B62A77AA22000DDA17 /* WatchLandmarks_Watch_AppUITestsLaunchTests.swift */; };
		2A35E6BA2A77AA22000DDA17 /* WatchLandmarks Watch App.app in Embed Watch Content */ = {isa = PBXBuildFile; fileRef = 2A35E6972A77AA20000DDA17 /* WatchLandmarks Watch App.app */; settings = {ATTRIBUTES = (RemoveHeadersOnCopy, ); }; };
		2A35E6C52A77AD30000DDA17 /* LandmarksApp.swift in Sources */ = {isa = PBXBuildFile; fileRef = 2AB94C462A720D91004FEB0B /* LandmarksApp.swift */; };
		2A35E6C62A77AD30000DDA17 /* LandmarkRow.swift in Sources */ = {isa = PBXBuildFile; fileRef = 2AB94C7F2A724608004FEB0B /* LandmarkRow.swift */; };
		2A35E6C72A77AD30000DDA17 /* Hike.swift in Sources */ = {isa = PBXBuildFile; fileRef = 2AB94C9B2A73A1AD004FEB0B /* Hike.swift */; };
		2A35E6C82A77AD30000DDA17 /* ModelData.swift in Sources */ = {isa = PBXBuildFile; fileRef = 2AB94C862A725A90004FEB0B /* ModelData.swift */; };
		2A35E6C92A77AD30000DDA17 /* Landmark.swift in Sources */ = {isa = PBXBuildFile; fileRef = 2AB94C872A725A90004FEB0B /* Landmark.swift */; };
		2A35E6CA2A77AD30000DDA17 /* hikeData.json in Resources */ = {isa = PBXBuildFile; fileRef = 2AB94C992A73A18B004FEB0B /* hikeData.json */; };
		2A35E6CB2A77AD30000DDA17 /* Assets.xcassets in Resources */ = {isa = PBXBuildFile; fileRef = 2AB94C4A2A720D92004FEB0B /* Assets.xcassets */; };
		2A35E6CC2A77AD30000DDA17 /* MapView.swift in Sources */ = {isa = PBXBuildFile; fileRef = 2AB94C742A7226AF004FEB0B /* MapView.swift */; };
		2A35E6CD2A77AD30000DDA17 /* landmarkData.json in Resources */ = {isa = PBXBuildFile; fileRef = 2AB94C762A723375004FEB0B /* landmarkData.json */; };
		2A35E6CE2A77AD30000DDA17 /* Profile.swift in Sources */ = {isa = PBXBuildFile; fileRef = 2A35E67F2A775A66000DDA17 /* Profile.swift */; };
		2A35E6D02A77AD30000DDA17 /* CircleImage.swift in Sources */ = {isa = PBXBuildFile; fileRef = 2AB94C722A72255E004FEB0B /* CircleImage.swift */; };
		2A35E6D22A77AE1E000DDA17 /* LandmarkDetail.swift in Sources */ = {isa = PBXBuildFile; fileRef = 2A35E6D12A77AE1E000DDA17 /* LandmarkDetail.swift */; };
		2A35E6D42A77C3AC000DDA17 /* NotificationView.swift in Sources */ = {isa = PBXBuildFile; fileRef = 2A35E6D32A77C3AC000DDA17 /* NotificationView.swift */; };
		2A35E6D62A77C514000DDA17 /* NotificationController.swift in Sources */ = {isa = PBXBuildFile; fileRef = 2A35E6D52A77C514000DDA17 /* NotificationController.swift */; };
		2A35E6D82A77CAEE000DDA17 /* PushNotificationPayload.apns in Resources */ = {isa = PBXBuildFile; fileRef = 2A35E6D72A77CAEE000DDA17 /* PushNotificationPayload.apns */; };
		2A35E6E22A78AC8F000DDA17 /* ContentView.swift in Sources */ = {isa = PBXBuildFile; fileRef = 2A35E6E12A78AC8F000DDA17 /* ContentView.swift */; };
		2A35E6E42A78AC91000DDA17 /* Assets.xcassets in Resources */ = {isa = PBXBuildFile; fileRef = 2A35E6E32A78AC91000DDA17 /* Assets.xcassets */; };
		2A35E6E72A78AC91000DDA17 /* Preview Assets.xcassets in Resources */ = {isa = PBXBuildFile; fileRef = 2A35E6E62A78AC91000DDA17 /* Preview Assets.xcassets */; };
		2A35E6F22A78AC91000DDA17 /* MacLandmarksTests.swift in Sources */ = {isa = PBXBuildFile; fileRef = 2A35E6F12A78AC91000DDA17 /* MacLandmarksTests.swift */; };
		2A35E6FC2A78AC91000DDA17 /* MacLandmarksUITests.swift in Sources */ = {isa = PBXBuildFile; fileRef = 2A35E6FB2A78AC91000DDA17 /* MacLandmarksUITests.swift */; };
		2A35E6FE2A78AC91000DDA17 /* MacLandmarksUITestsLaunchTests.swift in Sources */ = {isa = PBXBuildFile; fileRef = 2A35E6FD2A78AC91000DDA17 /* MacLandmarksUITestsLaunchTests.swift */; };
		2A35E7082A78ADF9000DDA17 /* CircleImage.swift in Sources */ = {isa = PBXBuildFile; fileRef = 2AB94C722A72255E004FEB0B /* CircleImage.swift */; };
		2A35E7092A78ADF9000DDA17 /* hikeData.json in Resources */ = {isa = PBXBuildFile; fileRef = 2AB94C992A73A18B004FEB0B /* hikeData.json */; };
		2A35E70A2A78ADF9000DDA17 /* LandmarkRow.swift in Sources */ = {isa = PBXBuildFile; fileRef = 2AB94C7F2A724608004FEB0B /* LandmarkRow.swift */; };
		2A35E70B2A78ADF9000DDA17 /* LandmarksApp.swift in Sources */ = {isa = PBXBuildFile; fileRef = 2AB94C462A720D91004FEB0B /* LandmarksApp.swift */; };
		2A35E70C2A78ADF9000DDA17 /* Landmark.swift in Sources */ = {isa = PBXBuildFile; fileRef = 2AB94C872A725A90004FEB0B /* Landmark.swift */; };
		2A35E70D2A78ADF9000DDA17 /* Assets.xcassets in Resources */ = {isa = PBXBuildFile; fileRef = 2AB94C4A2A720D92004FEB0B /* Assets.xcassets */; };
		2A35E70E2A78ADF9000DDA17 /* ModelData.swift in Sources */ = {isa = PBXBuildFile; fileRef = 2AB94C862A725A90004FEB0B /* ModelData.swift */; };
		2A35E70F2A78ADF9000DDA17 /* FavoriteButton.swift in Sources */ = {isa = PBXBuildFile; fileRef = 2AB94C8A2A72899A004FEB0B /* FavoriteButton.swift */; };
		2A35E7102A78ADF9000DDA17 /* landmarkData.json in Resources */ = {isa = PBXBuildFile; fileRef = 2AB94C762A723375004FEB0B /* landmarkData.json */; };
		2A35E7112A78ADF9000DDA17 /* LandmarkList.swift in Sources */ = {isa = PBXBuildFile; fileRef = 2AB94C812A724A0F004FEB0B /* LandmarkList.swift */; };
		2A35E7122A78ADF9000DDA17 /* Hike.swift in Sources */ = {isa = PBXBuildFile; fileRef = 2AB94C9B2A73A1AD004FEB0B /* Hike.swift */; };
		2A35E7132A78ADF9000DDA17 /* MapView.swift in Sources */ = {isa = PBXBuildFile; fileRef = 2AB94C742A7226AF004FEB0B /* MapView.swift */; };
		2A35E7142A78ADF9000DDA17 /* Profile.swift in Sources */ = {isa = PBXBuildFile; fileRef = 2A35E67F2A775A66000DDA17 /* Profile.swift */; };
		2A35E7162A78B0DF000DDA17 /* LandmarkDetail.swift in Sources */ = {isa = PBXBuildFile; fileRef = 2A35E7152A78B0DF000DDA17 /* LandmarkDetail.swift */; };
		2A35E7182A78C8E2000DDA17 /* LandmarkList.swift in Sources */ = {isa = PBXBuildFile; fileRef = 2A35E7172A78C8E2000DDA17 /* LandmarkList.swift */; };
		2A35E71A2A78D632000DDA17 /* LandmarkCommands.swift in Sources */ = {isa = PBXBuildFile; fileRef = 2A35E7192A78D632000DDA17 /* LandmarkCommands.swift */; };
		2A35E71C2A78E0AB000DDA17 /* LandmarkSettings.swift in Sources */ = {isa = PBXBuildFile; fileRef = 2A35E71B2A78E0AB000DDA17 /* LandmarkSettings.swift */; };
		2A4E6F052A73AD5800D23B8F /* GraphCapsule.swift in Sources */ = {isa = PBXBuildFile; fileRef = 2A4E6F042A73AD5800D23B8F /* GraphCapsule.swift */; };
		2A4E6F082A73B22D00D23B8F /* HikeGraph.swift in Sources */ = {isa = PBXBuildFile; fileRef = 2A4E6F072A73B22D00D23B8F /* HikeGraph.swift */; };
		2A4E6F0A2A73B8E600D23B8F /* HikeDetail.swift in Sources */ = {isa = PBXBuildFile; fileRef = 2A4E6F092A73B8E600D23B8F /* HikeDetail.swift */; };
		2A4E6F0C2A73BC2B00D23B8F /* HikeView.swift in Sources */ = {isa = PBXBuildFile; fileRef = 2A4E6F0B2A73BC2B00D23B8F /* HikeView.swift */; };
		2A4E6F0F2A73DAAC00D23B8F /* CategoryHome.swift in Sources */ = {isa = PBXBuildFile; fileRef = 2A4E6F0E2A73DAAC00D23B8F /* CategoryHome.swift */; };
		2A4E6F112A73E74600D23B8F /* CategoryRow.swift in Sources */ = {isa = PBXBuildFile; fileRef = 2A4E6F102A73E74600D23B8F /* CategoryRow.swift */; };
		2A4E6F132A73E98D00D23B8F /* CategoryItem.swift in Sources */ = {isa = PBXBuildFile; fileRef = 2A4E6F122A73E98D00D23B8F /* CategoryItem.swift */; };
		2AB94C472A720D91004FEB0B /* LandmarksApp.swift in Sources */ = {isa = PBXBuildFile; fileRef = 2AB94C462A720D91004FEB0B /* LandmarksApp.swift */; };
		2AB94C492A720D91004FEB0B /* ContentView.swift in Sources */ = {isa = PBXBuildFile; fileRef = 2AB94C482A720D91004FEB0B /* ContentView.swift */; };
		2AB94C4B2A720D92004FEB0B /* Assets.xcassets in Resources */ = {isa = PBXBuildFile; fileRef = 2AB94C4A2A720D92004FEB0B /* Assets.xcassets */; };
		2AB94C4E2A720D92004FEB0B /* Preview Assets.xcassets in Resources */ = {isa = PBXBuildFile; fileRef = 2AB94C4D2A720D92004FEB0B /* Preview Assets.xcassets */; };
		2AB94C582A720D93004FEB0B /* LandmarksTests.swift in Sources */ = {isa = PBXBuildFile; fileRef = 2AB94C572A720D93004FEB0B /* LandmarksTests.swift */; };
		2AB94C622A720D93004FEB0B /* LandmarksUITests.swift in Sources */ = {isa = PBXBuildFile; fileRef = 2AB94C612A720D93004FEB0B /* LandmarksUITests.swift */; };
		2AB94C642A720D93004FEB0B /* LandmarksUITestsLaunchTests.swift in Sources */ = {isa = PBXBuildFile; fileRef = 2AB94C632A720D93004FEB0B /* LandmarksUITestsLaunchTests.swift */; };
		2AB94C732A72255E004FEB0B /* CircleImage.swift in Sources */ = {isa = PBXBuildFile; fileRef = 2AB94C722A72255E004FEB0B /* CircleImage.swift */; };
		2AB94C752A7226AF004FEB0B /* MapView.swift in Sources */ = {isa = PBXBuildFile; fileRef = 2AB94C742A7226AF004FEB0B /* MapView.swift */; };
		2AB94C772A723375004FEB0B /* landmarkData.json in Resources */ = {isa = PBXBuildFile; fileRef = 2AB94C762A723375004FEB0B /* landmarkData.json */; };
		2AB94C802A724608004FEB0B /* LandmarkRow.swift in Sources */ = {isa = PBXBuildFile; fileRef = 2AB94C7F2A724608004FEB0B /* LandmarkRow.swift */; };
		2AB94C822A724A0F004FEB0B /* LandmarkList.swift in Sources */ = {isa = PBXBuildFile; fileRef = 2AB94C812A724A0F004FEB0B /* LandmarkList.swift */; };
		2AB94C842A724D0F004FEB0B /* LandmarkDetail.swift in Sources */ = {isa = PBXBuildFile; fileRef = 2AB94C832A724D0F004FEB0B /* LandmarkDetail.swift */; };
		2AB94C882A725A91004FEB0B /* ModelData.swift in Sources */ = {isa = PBXBuildFile; fileRef = 2AB94C862A725A90004FEB0B /* ModelData.swift */; };
		2AB94C892A725A91004FEB0B /* Landmark.swift in Sources */ = {isa = PBXBuildFile; fileRef = 2AB94C872A725A90004FEB0B /* Landmark.swift */; };
		2AB94C8B2A72899A004FEB0B /* FavoriteButton.swift in Sources */ = {isa = PBXBuildFile; fileRef = 2AB94C8A2A72899A004FEB0B /* FavoriteButton.swift */; };
		2AB94C8F2A736C7B004FEB0B /* HexagonParameters.swift in Sources */ = {isa = PBXBuildFile; fileRef = 2AB94C8E2A736C7B004FEB0B /* HexagonParameters.swift */; };
		2AB94C912A7374A1004FEB0B /* BadgeBackground.swift in Sources */ = {isa = PBXBuildFile; fileRef = 2AB94C902A7374A1004FEB0B /* BadgeBackground.swift */; };
		2AB94C932A73955E004FEB0B /* BadgeSymbol.swift in Sources */ = {isa = PBXBuildFile; fileRef = 2AB94C922A73955E004FEB0B /* BadgeSymbol.swift */; };
		2AB94C952A739B87004FEB0B /* RotatedBadgeSymbol.swift in Sources */ = {isa = PBXBuildFile; fileRef = 2AB94C942A739B87004FEB0B /* RotatedBadgeSymbol.swift */; };
		2AB94C972A739C4C004FEB0B /* Badge.swift in Sources */ = {isa = PBXBuildFile; fileRef = 2AB94C962A739C4C004FEB0B /* Badge.swift */; };
		2AB94C9A2A73A18B004FEB0B /* hikeData.json in Resources */ = {isa = PBXBuildFile; fileRef = 2AB94C992A73A18B004FEB0B /* hikeData.json */; };
		2AB94C9C2A73A1AD004FEB0B /* Hike.swift in Sources */ = {isa = PBXBuildFile; fileRef = 2AB94C9B2A73A1AD004FEB0B /* Hike.swift */; };
/* End PBXBuildFile section */

/* Begin PBXContainerItemProxy section */
		2A35E6A72A77AA22000DDA17 /* PBXContainerItemProxy */ = {
			isa = PBXContainerItemProxy;
			containerPortal = 2AB94C3B2A720D91004FEB0B /* Project object */;
			proxyType = 1;
			remoteGlobalIDString = 2A35E6962A77AA20000DDA17;
			remoteInfo = "WatchLandmarks Watch App";
		};
		2A35E6B12A77AA22000DDA17 /* PBXContainerItemProxy */ = {
			isa = PBXContainerItemProxy;
			containerPortal = 2AB94C3B2A720D91004FEB0B /* Project object */;
			proxyType = 1;
			remoteGlobalIDString = 2A35E6962A77AA20000DDA17;
			remoteInfo = "WatchLandmarks Watch App";
		};
		2A35E6B82A77AA22000DDA17 /* PBXContainerItemProxy */ = {
			isa = PBXContainerItemProxy;
			containerPortal = 2AB94C3B2A720D91004FEB0B /* Project object */;
			proxyType = 1;
			remoteGlobalIDString = 2A35E6962A77AA20000DDA17;
			remoteInfo = "WatchLandmarks Watch App";
		};
		2A35E6EE2A78AC91000DDA17 /* PBXContainerItemProxy */ = {
			isa = PBXContainerItemProxy;
			containerPortal = 2AB94C3B2A720D91004FEB0B /* Project object */;
			proxyType = 1;
			remoteGlobalIDString = 2A35E6DC2A78AC8F000DDA17;
			remoteInfo = MacLandmarks;
		};
		2A35E6F82A78AC91000DDA17 /* PBXContainerItemProxy */ = {
			isa = PBXContainerItemProxy;
			containerPortal = 2AB94C3B2A720D91004FEB0B /* Project object */;
			proxyType = 1;
			remoteGlobalIDString = 2A35E6DC2A78AC8F000DDA17;
			remoteInfo = MacLandmarks;
		};
		2AB94C542A720D93004FEB0B /* PBXContainerItemProxy */ = {
			isa = PBXContainerItemProxy;
			containerPortal = 2AB94C3B2A720D91004FEB0B /* Project object */;
			proxyType = 1;
			remoteGlobalIDString = 2AB94C422A720D91004FEB0B;
			remoteInfo = Landmarks;
		};
		2AB94C5E2A720D93004FEB0B /* PBXContainerItemProxy */ = {
			isa = PBXContainerItemProxy;
			containerPortal = 2AB94C3B2A720D91004FEB0B /* Project object */;
			proxyType = 1;
			remoteGlobalIDString = 2AB94C422A720D91004FEB0B;
			remoteInfo = Landmarks;
		};
/* End PBXContainerItemProxy section */

/* Begin PBXCopyFilesBuildPhase section */
		2A35E6BB2A77AA22000DDA17 /* Embed Watch Content */ = {
			isa = PBXCopyFilesBuildPhase;
			buildActionMask = 2147483647;
			dstPath = "$(CONTENTS_FOLDER_PATH)/Watch";
			dstSubfolderSpec = 16;
			files = (
				2A35E6BA2A77AA22000DDA17 /* WatchLandmarks Watch App.app in Embed Watch Content */,
			);
			name = "Embed Watch Content";
			runOnlyForDeploymentPostprocessing = 0;
		};
/* End PBXCopyFilesBuildPhase section */

/* Begin PBXFileReference section */
		2A35E67F2A775A66000DDA17 /* Profile.swift */ = {isa = PBXFileReference; lastKnownFileType = sourcecode.swift; path = Profile.swift; sourceTree = "<group>"; };
		2A35E6822A775BD1000DDA17 /* ProfileHost.swift */ = {isa = PBXFileReference; lastKnownFileType = sourcecode.swift; path = ProfileHost.swift; sourceTree = "<group>"; };
		2A35E6842A775EA9000DDA17 /* ProfileSummary.swift */ = {isa = PBXFileReference; lastKnownFileType = sourcecode.swift; path = ProfileSummary.swift; sourceTree = "<group>"; };
		2A35E6862A7765E9000DDA17 /* HikeBadge.swift */ = {isa = PBXFileReference; lastKnownFileType = sourcecode.swift; path = HikeBadge.swift; sourceTree = "<group>"; };
		2A35E6882A777089000DDA17 /* ProfileEditor.swift */ = {isa = PBXFileReference; lastKnownFileType = sourcecode.swift; path = ProfileEditor.swift; sourceTree = "<group>"; };
		2A35E68A2A77843F000DDA17 /* PageViewController.swift */ = {isa = PBXFileReference; lastKnownFileType = sourcecode.swift; path = PageViewController.swift; sourceTree = "<group>"; };
		2A35E68D2A77897F000DDA17 /* FeatureCard.swift */ = {isa = PBXFileReference; lastKnownFileType = sourcecode.swift; path = FeatureCard.swift; sourceTree = "<group>"; };
		2A35E68F2A7790F8000DDA17 /* PageView.swift */ = {isa = PBXFileReference; lastKnownFileType = sourcecode.swift; path = PageView.swift; sourceTree = "<group>"; };
		2A35E6912A779E06000DDA17 /* PageControl.swift */ = {isa = PBXFileReference; lastKnownFileType = sourcecode.swift; path = PageControl.swift; sourceTree = "<group>"; };
		2A35E6972A77AA20000DDA17 /* WatchLandmarks Watch App.app */ = {isa = PBXFileReference; explicitFileType = wrapper.application; includeInIndex = 0; path = "WatchLandmarks Watch App.app"; sourceTree = BUILT_PRODUCTS_DIR; };
		2A35E69B2A77AA21000DDA17 /* ContentView.swift */ = {isa = PBXFileReference; lastKnownFileType = sourcecode.swift; path = ContentView.swift; sourceTree = "<group>"; };
		2A35E69D2A77AA22000DDA17 /* Assets.xcassets */ = {isa = PBXFileReference; lastKnownFileType = folder.assetcatalog; path = Assets.xcassets; sourceTree = "<group>"; };
		2A35E6A02A77AA22000DDA17 /* Preview Assets.xcassets */ = {isa = PBXFileReference; lastKnownFileType = folder.assetcatalog; path = "Preview Assets.xcassets"; sourceTree = "<group>"; };
		2A35E6A62A77AA22000DDA17 /* WatchLandmarks Watch AppTests.xctest */ = {isa = PBXFileReference; explicitFileType = wrapper.cfbundle; includeInIndex = 0; path = "WatchLandmarks Watch AppTests.xctest"; sourceTree = BUILT_PRODUCTS_DIR; };
		2A35E6AA2A77AA22000DDA17 /* WatchLandmarks_Watch_AppTests.swift */ = {isa = PBXFileReference; lastKnownFileType = sourcecode.swift; path = WatchLandmarks_Watch_AppTests.swift; sourceTree = "<group>"; };
		2A35E6B02A77AA22000DDA17 /* WatchLandmarks Watch AppUITests.xctest */ = {isa = PBXFileReference; explicitFileType = wrapper.cfbundle; includeInIndex = 0; path = "WatchLandmarks Watch AppUITests.xctest"; sourceTree = BUILT_PRODUCTS_DIR; };
		2A35E6B42A77AA22000DDA17 /* WatchLandmarks_Watch_AppUITests.swift */ = {isa = PBXFileReference; lastKnownFileType = sourcecode.swift; path = WatchLandmarks_Watch_AppUITests.swift; sourceTree = "<group>"; };
		2A35E6B62A77AA22000DDA17 /* WatchLandmarks_Watch_AppUITestsLaunchTests.swift */ = {isa = PBXFileReference; lastKnownFileType = sourcecode.swift; path = WatchLandmarks_Watch_AppUITestsLaunchTests.swift; sourceTree = "<group>"; };
		2A35E6D12A77AE1E000DDA17 /* LandmarkDetail.swift */ = {isa = PBXFileReference; lastKnownFileType = sourcecode.swift; path = LandmarkDetail.swift; sourceTree = "<group>"; };
		2A35E6D32A77C3AC000DDA17 /* NotificationView.swift */ = {isa = PBXFileReference; lastKnownFileType = sourcecode.swift; path = NotificationView.swift; sourceTree = "<group>"; };
		2A35E6D52A77C514000DDA17 /* NotificationController.swift */ = {isa = PBXFileReference; lastKnownFileType = sourcecode.swift; path = NotificationController.swift; sourceTree = "<group>"; };
		2A35E6D72A77CAEE000DDA17 /* PushNotificationPayload.apns */ = {isa = PBXFileReference; fileEncoding = 4; lastKnownFileType = text; path = PushNotificationPayload.apns; sourceTree = "<group>"; };
		2A35E6DD2A78AC8F000DDA17 /* MacLandmarks.app */ = {isa = PBXFileReference; explicitFileType = wrapper.application; includeInIndex = 0; path = MacLandmarks.app; sourceTree = BUILT_PRODUCTS_DIR; };
		2A35E6E12A78AC8F000DDA17 /* ContentView.swift */ = {isa = PBXFileReference; lastKnownFileType = sourcecode.swift; path = ContentView.swift; sourceTree = "<group>"; };
		2A35E6E32A78AC91000DDA17 /* Assets.xcassets */ = {isa = PBXFileReference; lastKnownFileType = folder.assetcatalog; path = Assets.xcassets; sourceTree = "<group>"; };
		2A35E6E62A78AC91000DDA17 /* Preview Assets.xcassets */ = {isa = PBXFileReference; lastKnownFileType = folder.assetcatalog; path = "Preview Assets.xcassets"; sourceTree = "<group>"; };
		2A35E6E82A78AC91000DDA17 /* MacLandmarks.entitlements */ = {isa = PBXFileReference; lastKnownFileType = text.plist.entitlements; path = MacLandmarks.entitlements; sourceTree = "<group>"; };
		2A35E6ED2A78AC91000DDA17 /* MacLandmarksTests.xctest */ = {isa = PBXFileReference; explicitFileType = wrapper.cfbundle; includeInIndex = 0; path = MacLandmarksTests.xctest; sourceTree = BUILT_PRODUCTS_DIR; };
		2A35E6F12A78AC91000DDA17 /* MacLandmarksTests.swift */ = {isa = PBXFileReference; lastKnownFileType = sourcecode.swift; path = MacLandmarksTests.swift; sourceTree = "<group>"; };
		2A35E6F72A78AC91000DDA17 /* MacLandmarksUITests.xctest */ = {isa = PBXFileReference; explicitFileType = wrapper.cfbundle; includeInIndex = 0; path = MacLandmarksUITests.xctest; sourceTree = BUILT_PRODUCTS_DIR; };
		2A35E6FB2A78AC91000DDA17 /* MacLandmarksUITests.swift */ = {isa = PBXFileReference; lastKnownFileType = sourcecode.swift; path = MacLandmarksUITests.swift; sourceTree = "<group>"; };
		2A35E6FD2A78AC91000DDA17 /* MacLandmarksUITestsLaunchTests.swift */ = {isa = PBXFileReference; lastKnownFileType = sourcecode.swift; path = MacLandmarksUITestsLaunchTests.swift; sourceTree = "<group>"; };
		2A35E7152A78B0DF000DDA17 /* LandmarkDetail.swift */ = {isa = PBXFileReference; lastKnownFileType = sourcecode.swift; path = LandmarkDetail.swift; sourceTree = "<group>"; };
		2A35E7172A78C8E2000DDA17 /* LandmarkList.swift */ = {isa = PBXFileReference; fileEncoding = 4; lastKnownFileType = sourcecode.swift; path = LandmarkList.swift; sourceTree = "<group>"; };
		2A35E7192A78D632000DDA17 /* LandmarkCommands.swift */ = {isa = PBXFileReference; lastKnownFileType = sourcecode.swift; path = LandmarkCommands.swift; sourceTree = "<group>"; };
		2A35E71B2A78E0AB000DDA17 /* LandmarkSettings.swift */ = {isa = PBXFileReference; lastKnownFileType = sourcecode.swift; path = LandmarkSettings.swift; sourceTree = "<group>"; };
		2A4E6F042A73AD5800D23B8F /* GraphCapsule.swift */ = {isa = PBXFileReference; lastKnownFileType = sourcecode.swift; path = GraphCapsule.swift; sourceTree = "<group>"; };
		2A4E6F072A73B22D00D23B8F /* HikeGraph.swift */ = {isa = PBXFileReference; lastKnownFileType = sourcecode.swift; path = HikeGraph.swift; sourceTree = "<group>"; };
		2A4E6F092A73B8E600D23B8F /* HikeDetail.swift */ = {isa = PBXFileReference; lastKnownFileType = sourcecode.swift; path = HikeDetail.swift; sourceTree = "<group>"; };
		2A4E6F0B2A73BC2B00D23B8F /* HikeView.swift */ = {isa = PBXFileReference; lastKnownFileType = sourcecode.swift; path = HikeView.swift; sourceTree = "<group>"; };
		2A4E6F0E2A73DAAC00D23B8F /* CategoryHome.swift */ = {isa = PBXFileReference; lastKnownFileType = sourcecode.swift; path = CategoryHome.swift; sourceTree = "<group>"; };
		2A4E6F102A73E74600D23B8F /* CategoryRow.swift */ = {isa = PBXFileReference; lastKnownFileType = sourcecode.swift; path = CategoryRow.swift; sourceTree = "<group>"; };
		2A4E6F122A73E98D00D23B8F /* CategoryItem.swift */ = {isa = PBXFileReference; lastKnownFileType = sourcecode.swift; path = CategoryItem.swift; sourceTree = "<group>"; };
		2AB94C432A720D91004FEB0B /* Landmarks.app */ = {isa = PBXFileReference; explicitFileType = wrapper.application; includeInIndex = 0; path = Landmarks.app; sourceTree = BUILT_PRODUCTS_DIR; };
		2AB94C462A720D91004FEB0B /* LandmarksApp.swift */ = {isa = PBXFileReference; lastKnownFileType = sourcecode.swift; path = LandmarksApp.swift; sourceTree = "<group>"; };
		2AB94C482A720D91004FEB0B /* ContentView.swift */ = {isa = PBXFileReference; lastKnownFileType = sourcecode.swift; path = ContentView.swift; sourceTree = "<group>"; };
		2AB94C4A2A720D92004FEB0B /* Assets.xcassets */ = {isa = PBXFileReference; lastKnownFileType = folder.assetcatalog; path = Assets.xcassets; sourceTree = "<group>"; };
		2AB94C4D2A720D92004FEB0B /* Preview Assets.xcassets */ = {isa = PBXFileReference; lastKnownFileType = folder.assetcatalog; path = "Preview Assets.xcassets"; sourceTree = "<group>"; };
		2AB94C532A720D92004FEB0B /* LandmarksTests.xctest */ = {isa = PBXFileReference; explicitFileType = wrapper.cfbundle; includeInIndex = 0; path = LandmarksTests.xctest; sourceTree = BUILT_PRODUCTS_DIR; };
		2AB94C572A720D93004FEB0B /* LandmarksTests.swift */ = {isa = PBXFileReference; lastKnownFileType = sourcecode.swift; path = LandmarksTests.swift; sourceTree = "<group>"; };
		2AB94C5D2A720D93004FEB0B /* LandmarksUITests.xctest */ = {isa = PBXFileReference; explicitFileType = wrapper.cfbundle; includeInIndex = 0; path = LandmarksUITests.xctest; sourceTree = BUILT_PRODUCTS_DIR; };
		2AB94C612A720D93004FEB0B /* LandmarksUITests.swift */ = {isa = PBXFileReference; lastKnownFileType = sourcecode.swift; path = LandmarksUITests.swift; sourceTree = "<group>"; };
		2AB94C632A720D93004FEB0B /* LandmarksUITestsLaunchTests.swift */ = {isa = PBXFileReference; lastKnownFileType = sourcecode.swift; path = LandmarksUITestsLaunchTests.swift; sourceTree = "<group>"; };
		2AB94C722A72255E004FEB0B /* CircleImage.swift */ = {isa = PBXFileReference; lastKnownFileType = sourcecode.swift; path = CircleImage.swift; sourceTree = "<group>"; };
		2AB94C742A7226AF004FEB0B /* MapView.swift */ = {isa = PBXFileReference; lastKnownFileType = sourcecode.swift; path = MapView.swift; sourceTree = "<group>"; };
		2AB94C762A723375004FEB0B /* landmarkData.json */ = {isa = PBXFileReference; fileEncoding = 4; lastKnownFileType = text.json; path = landmarkData.json; sourceTree = "<group>"; };
		2AB94C7F2A724608004FEB0B /* LandmarkRow.swift */ = {isa = PBXFileReference; lastKnownFileType = sourcecode.swift; path = LandmarkRow.swift; sourceTree = "<group>"; };
		2AB94C812A724A0F004FEB0B /* LandmarkList.swift */ = {isa = PBXFileReference; lastKnownFileType = sourcecode.swift; path = LandmarkList.swift; sourceTree = "<group>"; };
		2AB94C832A724D0F004FEB0B /* LandmarkDetail.swift */ = {isa = PBXFileReference; lastKnownFileType = sourcecode.swift; path = LandmarkDetail.swift; sourceTree = "<group>"; };
		2AB94C862A725A90004FEB0B /* ModelData.swift */ = {isa = PBXFileReference; fileEncoding = 4; lastKnownFileType = sourcecode.swift; path = ModelData.swift; sourceTree = "<group>"; };
		2AB94C872A725A90004FEB0B /* Landmark.swift */ = {isa = PBXFileReference; fileEncoding = 4; lastKnownFileType = sourcecode.swift; path = Landmark.swift; sourceTree = "<group>"; };
		2AB94C8A2A72899A004FEB0B /* FavoriteButton.swift */ = {isa = PBXFileReference; lastKnownFileType = sourcecode.swift; path = FavoriteButton.swift; sourceTree = "<group>"; };
		2AB94C8E2A736C7B004FEB0B /* HexagonParameters.swift */ = {isa = PBXFileReference; lastKnownFileType = sourcecode.swift; path = HexagonParameters.swift; sourceTree = "<group>"; };
		2AB94C902A7374A1004FEB0B /* BadgeBackground.swift */ = {isa = PBXFileReference; lastKnownFileType = sourcecode.swift; path = BadgeBackground.swift; sourceTree = "<group>"; };
		2AB94C922A73955E004FEB0B /* BadgeSymbol.swift */ = {isa = PBXFileReference; lastKnownFileType = sourcecode.swift; path = BadgeSymbol.swift; sourceTree = "<group>"; };
		2AB94C942A739B87004FEB0B /* RotatedBadgeSymbol.swift */ = {isa = PBXFileReference; lastKnownFileType = sourcecode.swift; path = RotatedBadgeSymbol.swift; sourceTree = "<group>"; };
		2AB94C962A739C4C004FEB0B /* Badge.swift */ = {isa = PBXFileReference; lastKnownFileType = sourcecode.swift; path = Badge.swift; sourceTree = "<group>"; };
		2AB94C992A73A18B004FEB0B /* hikeData.json */ = {isa = PBXFileReference; fileEncoding = 4; lastKnownFileType = text.json; path = hikeData.json; sourceTree = "<group>"; };
		2AB94C9B2A73A1AD004FEB0B /* Hike.swift */ = {isa = PBXFileReference; lastKnownFileType = sourcecode.swift; path = Hike.swift; sourceTree = "<group>"; };
/* End PBXFileReference section */

/* Begin PBXFrameworksBuildPhase section */
		2A35E6942A77AA20000DDA17 /* Frameworks */ = {
			isa = PBXFrameworksBuildPhase;
			buildActionMask = 2147483647;
			files = (
			);
			runOnlyForDeploymentPostprocessing = 0;
		};
		2A35E6A32A77AA22000DDA17 /* Frameworks */ = {
			isa = PBXFrameworksBuildPhase;
			buildActionMask = 2147483647;
			files = (
			);
			runOnlyForDeploymentPostprocessing = 0;
		};
		2A35E6AD2A77AA22000DDA17 /* Frameworks */ = {
			isa = PBXFrameworksBuildPhase;
			buildActionMask = 2147483647;
			files = (
			);
			runOnlyForDeploymentPostprocessing = 0;
		};
		2A35E6DA2A78AC8F000DDA17 /* Frameworks */ = {
			isa = PBXFrameworksBuildPhase;
			buildActionMask = 2147483647;
			files = (
			);
			runOnlyForDeploymentPostprocessing = 0;
		};
		2A35E6EA2A78AC91000DDA17 /* Frameworks */ = {
			isa = PBXFrameworksBuildPhase;
			buildActionMask = 2147483647;
			files = (
			);
			runOnlyForDeploymentPostprocessing = 0;
		};
		2A35E6F42A78AC91000DDA17 /* Frameworks */ = {
			isa = PBXFrameworksBuildPhase;
			buildActionMask = 2147483647;
			files = (
			);
			runOnlyForDeploymentPostprocessing = 0;
		};
		2AB94C402A720D91004FEB0B /* Frameworks */ = {
			isa = PBXFrameworksBuildPhase;
			buildActionMask = 2147483647;
			files = (
			);
			runOnlyForDeploymentPostprocessing = 0;
		};
		2AB94C502A720D92004FEB0B /* Frameworks */ = {
			isa = PBXFrameworksBuildPhase;
			buildActionMask = 2147483647;
			files = (
			);
			runOnlyForDeploymentPostprocessing = 0;
		};
		2AB94C5A2A720D93004FEB0B /* Frameworks */ = {
			isa = PBXFrameworksBuildPhase;
			buildActionMask = 2147483647;
			files = (
			);
			runOnlyForDeploymentPostprocessing = 0;
		};
/* End PBXFrameworksBuildPhase section */

/* Begin PBXGroup section */
		2A35E6812A775BAE000DDA17 /* Profiles */ = {
			isa = PBXGroup;
			children = (
				2A35E6822A775BD1000DDA17 /* ProfileHost.swift */,
				2A35E6842A775EA9000DDA17 /* ProfileSummary.swift */,
				2A35E6882A777089000DDA17 /* ProfileEditor.swift */,
			);
			path = Profiles;
			sourceTree = "<group>";
		};
		2A35E68C2A778443000DDA17 /* PageView */ = {
			isa = PBXGroup;
			children = (
				2A35E68A2A77843F000DDA17 /* PageViewController.swift */,
				2A35E68F2A7790F8000DDA17 /* PageView.swift */,
				2A35E6912A779E06000DDA17 /* PageControl.swift */,
			);
			path = PageView;
			sourceTree = "<group>";
		};
		2A35E6982A77AA21000DDA17 /* WatchLandmarks Watch App */ = {
			isa = PBXGroup;
			children = (
				2A35E69B2A77AA21000DDA17 /* ContentView.swift */,
				2A35E6D12A77AE1E000DDA17 /* LandmarkDetail.swift */,
				2A35E7172A78C8E2000DDA17 /* LandmarkList.swift */,
				2A35E6D32A77C3AC000DDA17 /* NotificationView.swift */,
				2A35E6D52A77C514000DDA17 /* NotificationController.swift */,
				2A35E6D72A77CAEE000DDA17 /* PushNotificationPayload.apns */,
				2A35E69D2A77AA22000DDA17 /* Assets.xcassets */,
				2A35E69F2A77AA22000DDA17 /* Preview Content */,
			);
			path = "WatchLandmarks Watch App";
			sourceTree = "<group>";
		};
		2A35E69F2A77AA22000DDA17 /* Preview Content */ = {
			isa = PBXGroup;
			children = (
				2A35E6A02A77AA22000DDA17 /* Preview Assets.xcassets */,
			);
			path = "Preview Content";
			sourceTree = "<group>";
		};
		2A35E6A92A77AA22000DDA17 /* WatchLandmarks Watch AppTests */ = {
			isa = PBXGroup;
			children = (
				2A35E6AA2A77AA22000DDA17 /* WatchLandmarks_Watch_AppTests.swift */,
			);
			path = "WatchLandmarks Watch AppTests";
			sourceTree = "<group>";
		};
		2A35E6B32A77AA22000DDA17 /* WatchLandmarks Watch AppUITests */ = {
			isa = PBXGroup;
			children = (
				2A35E6B42A77AA22000DDA17 /* WatchLandmarks_Watch_AppUITests.swift */,
				2A35E6B62A77AA22000DDA17 /* WatchLandmarks_Watch_AppUITestsLaunchTests.swift */,
			);
			path = "WatchLandmarks Watch AppUITests";
			sourceTree = "<group>";
		};
		2A35E6DE2A78AC8F000DDA17 /* MacLandmarks */ = {
			isa = PBXGroup;
			children = (
				2A35E6E12A78AC8F000DDA17 /* ContentView.swift */,
				2A35E7152A78B0DF000DDA17 /* LandmarkDetail.swift */,
				2A35E71B2A78E0AB000DDA17 /* LandmarkSettings.swift */,
				2A35E7192A78D632000DDA17 /* LandmarkCommands.swift */,
				2A35E6E32A78AC91000DDA17 /* Assets.xcassets */,
				2A35E6E82A78AC91000DDA17 /* MacLandmarks.entitlements */,
				2A35E6E52A78AC91000DDA17 /* Preview Content */,
			);
			path = MacLandmarks;
			sourceTree = "<group>";
		};
		2A35E6E52A78AC91000DDA17 /* Preview Content */ = {
			isa = PBXGroup;
			children = (
				2A35E6E62A78AC91000DDA17 /* Preview Assets.xcassets */,
			);
			path = "Preview Content";
			sourceTree = "<group>";
		};
		2A35E6F02A78AC91000DDA17 /* MacLandmarksTests */ = {
			isa = PBXGroup;
			children = (
				2A35E6F12A78AC91000DDA17 /* MacLandmarksTests.swift */,
			);
			path = MacLandmarksTests;
			sourceTree = "<group>";
		};
		2A35E6FA2A78AC91000DDA17 /* MacLandmarksUITests */ = {
			isa = PBXGroup;
			children = (
				2A35E6FB2A78AC91000DDA17 /* MacLandmarksUITests.swift */,
				2A35E6FD2A78AC91000DDA17 /* MacLandmarksUITestsLaunchTests.swift */,
			);
			path = MacLandmarksUITests;
			sourceTree = "<group>";
		};
		2A4E6F062A73B1D800D23B8F /* Hikes */ = {
			isa = PBXGroup;
			children = (
				2A4E6F042A73AD5800D23B8F /* GraphCapsule.swift */,
				2A4E6F072A73B22D00D23B8F /* HikeGraph.swift */,
				2A4E6F092A73B8E600D23B8F /* HikeDetail.swift */,
				2A4E6F0B2A73BC2B00D23B8F /* HikeView.swift */,
				2A35E6862A7765E9000DDA17 /* HikeBadge.swift */,
			);
			path = Hikes;
			sourceTree = "<group>";
		};
		2A4E6F0D2A73DA8600D23B8F /* Categories */ = {
			isa = PBXGroup;
			children = (
				2A4E6F0E2A73DAAC00D23B8F /* CategoryHome.swift */,
				2A4E6F102A73E74600D23B8F /* CategoryRow.swift */,
				2A4E6F122A73E98D00D23B8F /* CategoryItem.swift */,
			);
			path = Categories;
			sourceTree = "<group>";
		};
		2AB94C3A2A720D91004FEB0B = {
			isa = PBXGroup;
			children = (
				2AB94C452A720D91004FEB0B /* Landmarks */,
				2AB94C562A720D93004FEB0B /* LandmarksTests */,
				2AB94C602A720D93004FEB0B /* LandmarksUITests */,
				2A35E6982A77AA21000DDA17 /* WatchLandmarks Watch App */,
				2A35E6A92A77AA22000DDA17 /* WatchLandmarks Watch AppTests */,
				2A35E6B32A77AA22000DDA17 /* WatchLandmarks Watch AppUITests */,
				2A35E6DE2A78AC8F000DDA17 /* MacLandmarks */,
				2A35E6F02A78AC91000DDA17 /* MacLandmarksTests */,
				2A35E6FA2A78AC91000DDA17 /* MacLandmarksUITests */,
				2AB94C442A720D91004FEB0B /* Products */,
			);
			sourceTree = "<group>";
		};
		2AB94C442A720D91004FEB0B /* Products */ = {
			isa = PBXGroup;
			children = (
				2AB94C432A720D91004FEB0B /* Landmarks.app */,
				2AB94C532A720D92004FEB0B /* LandmarksTests.xctest */,
				2AB94C5D2A720D93004FEB0B /* LandmarksUITests.xctest */,
				2A35E6972A77AA20000DDA17 /* WatchLandmarks Watch App.app */,
				2A35E6A62A77AA22000DDA17 /* WatchLandmarks Watch AppTests.xctest */,
				2A35E6B02A77AA22000DDA17 /* WatchLandmarks Watch AppUITests.xctest */,
				2A35E6DD2A78AC8F000DDA17 /* MacLandmarks.app */,
				2A35E6ED2A78AC91000DDA17 /* MacLandmarksTests.xctest */,
				2A35E6F72A78AC91000DDA17 /* MacLandmarksUITests.xctest */,
			);
			name = Products;
			sourceTree = "<group>";
		};
		2AB94C452A720D91004FEB0B /* Landmarks */ = {
			isa = PBXGroup;
			children = (
				2AB94C462A720D91004FEB0B /* LandmarksApp.swift */,
				2AB94C7C2A723BBA004FEB0B /* Views */,
				2AB94C852A725A90004FEB0B /* Model */,
				2AB94C7E2A723BEE004FEB0B /* Resources */,
				2AB94C4A2A720D92004FEB0B /* Assets.xcassets */,
				2AB94C4C2A720D92004FEB0B /* Preview Content */,
			);
			path = Landmarks;
			sourceTree = "<group>";
		};
		2AB94C4C2A720D92004FEB0B /* Preview Content */ = {
			isa = PBXGroup;
			children = (
				2AB94C4D2A720D92004FEB0B /* Preview Assets.xcassets */,
			);
			path = "Preview Content";
			sourceTree = "<group>";
		};
		2AB94C562A720D93004FEB0B /* LandmarksTests */ = {
			isa = PBXGroup;
			children = (
				2AB94C572A720D93004FEB0B /* LandmarksTests.swift */,
			);
			path = LandmarksTests;
			sourceTree = "<group>";
		};
		2AB94C602A720D93004FEB0B /* LandmarksUITests */ = {
			isa = PBXGroup;
			children = (
				2AB94C612A720D93004FEB0B /* LandmarksUITests.swift */,
				2AB94C632A720D93004FEB0B /* LandmarksUITestsLaunchTests.swift */,
			);
			path = LandmarksUITests;
			sourceTree = "<group>";
		};
		2AB94C7C2A723BBA004FEB0B /* Views */ = {
			isa = PBXGroup;
			children = (
				2AB94C482A720D91004FEB0B /* ContentView.swift */,
				2A35E68D2A77897F000DDA17 /* FeatureCard.swift */,
				2A35E68C2A778443000DDA17 /* PageView */,
				2A35E6812A775BAE000DDA17 /* Profiles */,
				2A4E6F0D2A73DA8600D23B8F /* Categories */,
				2AB94C8D2A729649004FEB0B /* Helpers */,
				2AB94C8C2A729627004FEB0B /* Landmarks */,
				2AB94C982A739E7D004FEB0B /* Badges */,
				2A4E6F062A73B1D800D23B8F /* Hikes */,
			);
			path = Views;
			sourceTree = "<group>";
		};
		2AB94C7E2A723BEE004FEB0B /* Resources */ = {
			isa = PBXGroup;
			children = (
				2AB94C762A723375004FEB0B /* landmarkData.json */,
				2AB94C992A73A18B004FEB0B /* hikeData.json */,
			);
			path = Resources;
			sourceTree = "<group>";
		};
		2AB94C852A725A90004FEB0B /* Model */ = {
			isa = PBXGroup;
			children = (
				2AB94C9B2A73A1AD004FEB0B /* Hike.swift */,
				2A35E67F2A775A66000DDA17 /* Profile.swift */,
				2AB94C862A725A90004FEB0B /* ModelData.swift */,
				2AB94C872A725A90004FEB0B /* Landmark.swift */,
			);
			path = Model;
			sourceTree = "<group>";
		};
		2AB94C8C2A729627004FEB0B /* Landmarks */ = {
			isa = PBXGroup;
			children = (
				2AB94C7F2A724608004FEB0B /* LandmarkRow.swift */,
				2AB94C812A724A0F004FEB0B /* LandmarkList.swift */,
				2AB94C832A724D0F004FEB0B /* LandmarkDetail.swift */,
			);
			path = Landmarks;
			sourceTree = "<group>";
		};
		2AB94C8D2A729649004FEB0B /* Helpers */ = {
			isa = PBXGroup;
			children = (
				2AB94C722A72255E004FEB0B /* CircleImage.swift */,
				2AB94C742A7226AF004FEB0B /* MapView.swift */,
				2AB94C8A2A72899A004FEB0B /* FavoriteButton.swift */,
			);
			path = Helpers;
			sourceTree = "<group>";
		};
		2AB94C982A739E7D004FEB0B /* Badges */ = {
			isa = PBXGroup;
			children = (
				2AB94C8E2A736C7B004FEB0B /* HexagonParameters.swift */,
				2AB94C902A7374A1004FEB0B /* BadgeBackground.swift */,
				2AB94C922A73955E004FEB0B /* BadgeSymbol.swift */,
				2AB94C942A739B87004FEB0B /* RotatedBadgeSymbol.swift */,
				2AB94C962A739C4C004FEB0B /* Badge.swift */,
			);
			path = Badges;
			sourceTree = "<group>";
		};
/* End PBXGroup section */

/* Begin PBXNativeTarget section */
		2A35E6962A77AA20000DDA17 /* WatchLandmarks Watch App */ = {
			isa = PBXNativeTarget;
			buildConfigurationList = 2A35E6C22A77AA22000DDA17 /* Build configuration list for PBXNativeTarget "WatchLandmarks Watch App" */;
			buildPhases = (
				2A35E6932A77AA20000DDA17 /* Sources */,
				2A35E6942A77AA20000DDA17 /* Frameworks */,
				2A35E6952A77AA20000DDA17 /* Resources */,
			);
			buildRules = (
			);
			dependencies = (
			);
			name = "WatchLandmarks Watch App";
			productName = "WatchLandmarks Watch App";
			productReference = 2A35E6972A77AA20000DDA17 /* WatchLandmarks Watch App.app */;
			productType = "com.apple.product-type.application";
		};
		2A35E6A52A77AA22000DDA17 /* WatchLandmarks Watch AppTests */ = {
			isa = PBXNativeTarget;
			buildConfigurationList = 2A35E6C32A77AA22000DDA17 /* Build configuration list for PBXNativeTarget "WatchLandmarks Watch AppTests" */;
			buildPhases = (
				2A35E6A22A77AA22000DDA17 /* Sources */,
				2A35E6A32A77AA22000DDA17 /* Frameworks */,
				2A35E6A42A77AA22000DDA17 /* Resources */,
			);
			buildRules = (
			);
			dependencies = (
				2A35E6A82A77AA22000DDA17 /* PBXTargetDependency */,
			);
			name = "WatchLandmarks Watch AppTests";
			productName = "WatchLandmarks Watch AppTests";
			productReference = 2A35E6A62A77AA22000DDA17 /* WatchLandmarks Watch AppTests.xctest */;
			productType = "com.apple.product-type.bundle.unit-test";
		};
		2A35E6AF2A77AA22000DDA17 /* WatchLandmarks Watch AppUITests */ = {
			isa = PBXNativeTarget;
			buildConfigurationList = 2A35E6C42A77AA22000DDA17 /* Build configuration list for PBXNativeTarget "WatchLandmarks Watch AppUITests" */;
			buildPhases = (
				2A35E6AC2A77AA22000DDA17 /* Sources */,
				2A35E6AD2A77AA22000DDA17 /* Frameworks */,
				2A35E6AE2A77AA22000DDA17 /* Resources */,
			);
			buildRules = (
			);
			dependencies = (
				2A35E6B22A77AA22000DDA17 /* PBXTargetDependency */,
			);
			name = "WatchLandmarks Watch AppUITests";
			productName = "WatchLandmarks Watch AppUITests";
			productReference = 2A35E6B02A77AA22000DDA17 /* WatchLandmarks Watch AppUITests.xctest */;
			productType = "com.apple.product-type.bundle.ui-testing";
		};
		2A35E6DC2A78AC8F000DDA17 /* MacLandmarks */ = {
			isa = PBXNativeTarget;
			buildConfigurationList = 2A35E6FF2A78AC91000DDA17 /* Build configuration list for PBXNativeTarget "MacLandmarks" */;
			buildPhases = (
				2A35E6D92A78AC8F000DDA17 /* Sources */,
				2A35E6DA2A78AC8F000DDA17 /* Frameworks */,
				2A35E6DB2A78AC8F000DDA17 /* Resources */,
			);
			buildRules = (
			);
			dependencies = (
			);
			name = MacLandmarks;
			productName = MacLandmarks;
			productReference = 2A35E6DD2A78AC8F000DDA17 /* MacLandmarks.app */;
			productType = "com.apple.product-type.application";
		};
		2A35E6EC2A78AC91000DDA17 /* MacLandmarksTests */ = {
			isa = PBXNativeTarget;
			buildConfigurationList = 2A35E7022A78AC91000DDA17 /* Build configuration list for PBXNativeTarget "MacLandmarksTests" */;
			buildPhases = (
				2A35E6E92A78AC91000DDA17 /* Sources */,
				2A35E6EA2A78AC91000DDA17 /* Frameworks */,
				2A35E6EB2A78AC91000DDA17 /* Resources */,
			);
			buildRules = (
			);
			dependencies = (
				2A35E6EF2A78AC91000DDA17 /* PBXTargetDependency */,
			);
			name = MacLandmarksTests;
			productName = MacLandmarksTests;
			productReference = 2A35E6ED2A78AC91000DDA17 /* MacLandmarksTests.xctest */;
			productType = "com.apple.product-type.bundle.unit-test";
		};
		2A35E6F62A78AC91000DDA17 /* MacLandmarksUITests */ = {
			isa = PBXNativeTarget;
			buildConfigurationList = 2A35E7052A78AC91000DDA17 /* Build configuration list for PBXNativeTarget "MacLandmarksUITests" */;
			buildPhases = (
				2A35E6F32A78AC91000DDA17 /* Sources */,
				2A35E6F42A78AC91000DDA17 /* Frameworks */,
				2A35E6F52A78AC91000DDA17 /* Resources */,
			);
			buildRules = (
			);
			dependencies = (
				2A35E6F92A78AC91000DDA17 /* PBXTargetDependency */,
			);
			name = MacLandmarksUITests;
			productName = MacLandmarksUITests;
			productReference = 2A35E6F72A78AC91000DDA17 /* MacLandmarksUITests.xctest */;
			productType = "com.apple.product-type.bundle.ui-testing";
		};
		2AB94C422A720D91004FEB0B /* Landmarks */ = {
			isa = PBXNativeTarget;
			buildConfigurationList = 2AB94C672A720D93004FEB0B /* Build configuration list for PBXNativeTarget "Landmarks" */;
			buildPhases = (
				2AB94C3F2A720D91004FEB0B /* Sources */,
				2AB94C402A720D91004FEB0B /* Frameworks */,
				2AB94C412A720D91004FEB0B /* Resources */,
				2A35E6BB2A77AA22000DDA17 /* Embed Watch Content */,
			);
			buildRules = (
			);
			dependencies = (
				2A35E6B92A77AA22000DDA17 /* PBXTargetDependency */,
			);
			name = Landmarks;
			productName = Landmarks;
			productReference = 2AB94C432A720D91004FEB0B /* Landmarks.app */;
			productType = "com.apple.product-type.application";
		};
		2AB94C522A720D92004FEB0B /* LandmarksTests */ = {
			isa = PBXNativeTarget;
			buildConfigurationList = 2AB94C6A2A720D93004FEB0B /* Build configuration list for PBXNativeTarget "LandmarksTests" */;
			buildPhases = (
				2AB94C4F2A720D92004FEB0B /* Sources */,
				2AB94C502A720D92004FEB0B /* Frameworks */,
				2AB94C512A720D92004FEB0B /* Resources */,
			);
			buildRules = (
			);
			dependencies = (
				2AB94C552A720D93004FEB0B /* PBXTargetDependency */,
			);
			name = LandmarksTests;
			productName = LandmarksTests;
			productReference = 2AB94C532A720D92004FEB0B /* LandmarksTests.xctest */;
			productType = "com.apple.product-type.bundle.unit-test";
		};
		2AB94C5C2A720D93004FEB0B /* LandmarksUITests */ = {
			isa = PBXNativeTarget;
			buildConfigurationList = 2AB94C6D2A720D93004FEB0B /* Build configuration list for PBXNativeTarget "LandmarksUITests" */;
			buildPhases = (
				2AB94C592A720D93004FEB0B /* Sources */,
				2AB94C5A2A720D93004FEB0B /* Frameworks */,
				2AB94C5B2A720D93004FEB0B /* Resources */,
			);
			buildRules = (
			);
			dependencies = (
				2AB94C5F2A720D93004FEB0B /* PBXTargetDependency */,
			);
			name = LandmarksUITests;
			productName = LandmarksUITests;
			productReference = 2AB94C5D2A720D93004FEB0B /* LandmarksUITests.xctest */;
			productType = "com.apple.product-type.bundle.ui-testing";
		};
/* End PBXNativeTarget section */

/* Begin PBXProject section */
		2AB94C3B2A720D91004FEB0B /* Project object */ = {
			isa = PBXProject;
			attributes = {
				BuildIndependentTargetsInParallel = 1;
				LastSwiftUpdateCheck = 1430;
				LastUpgradeCheck = 1430;
				TargetAttributes = {
					2A35E6962A77AA20000DDA17 = {
						CreatedOnToolsVersion = 14.3;
					};
					2A35E6A52A77AA22000DDA17 = {
						CreatedOnToolsVersion = 14.3;
						TestTargetID = 2A35E6962A77AA20000DDA17;
					};
					2A35E6AF2A77AA22000DDA17 = {
						CreatedOnToolsVersion = 14.3;
						TestTargetID = 2A35E6962A77AA20000DDA17;
					};
					2A35E6DC2A78AC8F000DDA17 = {
						CreatedOnToolsVersion = 14.3;
					};
					2A35E6EC2A78AC91000DDA17 = {
						CreatedOnToolsVersion = 14.3;
						TestTargetID = 2A35E6DC2A78AC8F000DDA17;
					};
					2A35E6F62A78AC91000DDA17 = {
						CreatedOnToolsVersion = 14.3;
						TestTargetID = 2A35E6DC2A78AC8F000DDA17;
					};
					2AB94C422A720D91004FEB0B = {
						CreatedOnToolsVersion = 14.3;
					};
					2AB94C522A720D92004FEB0B = {
						CreatedOnToolsVersion = 14.3;
						TestTargetID = 2AB94C422A720D91004FEB0B;
					};
					2AB94C5C2A720D93004FEB0B = {
						CreatedOnToolsVersion = 14.3;
						TestTargetID = 2AB94C422A720D91004FEB0B;
					};
				};
			};
			buildConfigurationList = 2AB94C3E2A720D91004FEB0B /* Build configuration list for PBXProject "Landmarks" */;
			compatibilityVersion = "Xcode 14.0";
			developmentRegion = en;
			hasScannedForEncodings = 0;
			knownRegions = (
				en,
				Base,
			);
			mainGroup = 2AB94C3A2A720D91004FEB0B;
			productRefGroup = 2AB94C442A720D91004FEB0B /* Products */;
			projectDirPath = "";
			projectRoot = "";
			targets = (
				2AB94C422A720D91004FEB0B /* Landmarks */,
				2AB94C522A720D92004FEB0B /* LandmarksTests */,
				2AB94C5C2A720D93004FEB0B /* LandmarksUITests */,
				2A35E6962A77AA20000DDA17 /* WatchLandmarks Watch App */,
				2A35E6A52A77AA22000DDA17 /* WatchLandmarks Watch AppTests */,
				2A35E6AF2A77AA22000DDA17 /* WatchLandmarks Watch AppUITests */,
				2A35E6DC2A78AC8F000DDA17 /* MacLandmarks */,
				2A35E6EC2A78AC91000DDA17 /* MacLandmarksTests */,
				2A35E6F62A78AC91000DDA17 /* MacLandmarksUITests */,
			);
		};
/* End PBXProject section */

/* Begin PBXResourcesBuildPhase section */
		2A35E6952A77AA20000DDA17 /* Resources */ = {
			isa = PBXResourcesBuildPhase;
			buildActionMask = 2147483647;
			files = (
				2A35E6A12A77AA22000DDA17 /* Preview Assets.xcassets in Resources */,
				2A35E6CA2A77AD30000DDA17 /* hikeData.json in Resources */,
				2A35E6CB2A77AD30000DDA17 /* Assets.xcassets in Resources */,
				2A35E6CD2A77AD30000DDA17 /* landmarkData.json in Resources */,
				2A35E69E2A77AA22000DDA17 /* Assets.xcassets in Resources */,
				2A35E6D82A77CAEE000DDA17 /* PushNotificationPayload.apns in Resources */,
			);
			runOnlyForDeploymentPostprocessing = 0;
		};
		2A35E6A42A77AA22000DDA17 /* Resources */ = {
			isa = PBXResourcesBuildPhase;
			buildActionMask = 2147483647;
			files = (
			);
			runOnlyForDeploymentPostprocessing = 0;
		};
		2A35E6AE2A77AA22000DDA17 /* Resources */ = {
			isa = PBXResourcesBuildPhase;
			buildActionMask = 2147483647;
			files = (
			);
			runOnlyForDeploymentPostprocessing = 0;
		};
		2A35E6DB2A78AC8F000DDA17 /* Resources */ = {
			isa = PBXResourcesBuildPhase;
			buildActionMask = 2147483647;
			files = (
				2A35E6E72A78AC91000DDA17 /* Preview Assets.xcassets in Resources */,
				2A35E7092A78ADF9000DDA17 /* hikeData.json in Resources */,
				2A35E70D2A78ADF9000DDA17 /* Assets.xcassets in Resources */,
				2A35E7102A78ADF9000DDA17 /* landmarkData.json in Resources */,
				2A35E6E42A78AC91000DDA17 /* Assets.xcassets in Resources */,
			);
			runOnlyForDeploymentPostprocessing = 0;
		};
		2A35E6EB2A78AC91000DDA17 /* Resources */ = {
			isa = PBXResourcesBuildPhase;
			buildActionMask = 2147483647;
			files = (
			);
			runOnlyForDeploymentPostprocessing = 0;
		};
		2A35E6F52A78AC91000DDA17 /* Resources */ = {
			isa = PBXResourcesBuildPhase;
			buildActionMask = 2147483647;
			files = (
			);
			runOnlyForDeploymentPostprocessing = 0;
		};
		2AB94C412A720D91004FEB0B /* Resources */ = {
			isa = PBXResourcesBuildPhase;
			buildActionMask = 2147483647;
			files = (
				2AB94C9A2A73A18B004FEB0B /* hikeData.json in Resources */,
				2AB94C4E2A720D92004FEB0B /* Preview Assets.xcassets in Resources */,
				2AB94C4B2A720D92004FEB0B /* Assets.xcassets in Resources */,
				2AB94C772A723375004FEB0B /* landmarkData.json in Resources */,
			);
			runOnlyForDeploymentPostprocessing = 0;
		};
		2AB94C512A720D92004FEB0B /* Resources */ = {
			isa = PBXResourcesBuildPhase;
			buildActionMask = 2147483647;
			files = (
			);
			runOnlyForDeploymentPostprocessing = 0;
		};
		2AB94C5B2A720D93004FEB0B /* Resources */ = {
			isa = PBXResourcesBuildPhase;
			buildActionMask = 2147483647;
			files = (
			);
			runOnlyForDeploymentPostprocessing = 0;
		};
/* End PBXResourcesBuildPhase section */

/* Begin PBXSourcesBuildPhase section */
		2A35E6932A77AA20000DDA17 /* Sources */ = {
			isa = PBXSourcesBuildPhase;
			buildActionMask = 2147483647;
			files = (
				2A35E6CC2A77AD30000DDA17 /* MapView.swift in Sources */,
				2A35E6CE2A77AD30000DDA17 /* Profile.swift in Sources */,
				2A35E69C2A77AA21000DDA17 /* ContentView.swift in Sources */,
				2A35E6C52A77AD30000DDA17 /* LandmarksApp.swift in Sources */,
				2A35E7182A78C8E2000DDA17 /* LandmarkList.swift in Sources */,
				2A35E6C82A77AD30000DDA17 /* ModelData.swift in Sources */,
				2A35E6C72A77AD30000DDA17 /* Hike.swift in Sources */,
				2A35E6C62A77AD30000DDA17 /* LandmarkRow.swift in Sources */,
				2A35E6C92A77AD30000DDA17 /* Landmark.swift in Sources */,
				2A35E6D62A77C514000DDA17 /* NotificationController.swift in Sources */,
				2A35E6D02A77AD30000DDA17 /* CircleImage.swift in Sources */,
				2A35E6D22A77AE1E000DDA17 /* LandmarkDetail.swift in Sources */,
				2A35E6D42A77C3AC000DDA17 /* NotificationView.swift in Sources */,
			);
			runOnlyForDeploymentPostprocessing = 0;
		};
		2A35E6A22A77AA22000DDA17 /* Sources */ = {
			isa = PBXSourcesBuildPhase;
			buildActionMask = 2147483647;
			files = (
				2A35E6AB2A77AA22000DDA17 /* WatchLandmarks_Watch_AppTests.swift in Sources */,
			);
			runOnlyForDeploymentPostprocessing = 0;
		};
		2A35E6AC2A77AA22000DDA17 /* Sources */ = {
			isa = PBXSourcesBuildPhase;
			buildActionMask = 2147483647;
			files = (
				2A35E6B72A77AA22000DDA17 /* WatchLandmarks_Watch_AppUITestsLaunchTests.swift in Sources */,
				2A35E6B52A77AA22000DDA17 /* WatchLandmarks_Watch_AppUITests.swift in Sources */,
			);
			runOnlyForDeploymentPostprocessing = 0;
		};
		2A35E6D92A78AC8F000DDA17 /* Sources */ = {
			isa = PBXSourcesBuildPhase;
			buildActionMask = 2147483647;
			files = (
				2A35E6E22A78AC8F000DDA17 /* ContentView.swift in Sources */,
				2A35E7082A78ADF9000DDA17 /* CircleImage.swift in Sources */,
				2A35E71C2A78E0AB000DDA17 /* LandmarkSettings.swift in Sources */,
				2A35E70A2A78ADF9000DDA17 /* LandmarkRow.swift in Sources */,
				2A35E7112A78ADF9000DDA17 /* LandmarkList.swift in Sources */,
				2A35E71A2A78D632000DDA17 /* LandmarkCommands.swift in Sources */,
				2A35E7162A78B0DF000DDA17 /* LandmarkDetail.swift in Sources */,
				2A35E70B2A78ADF9000DDA17 /* LandmarksApp.swift in Sources */,
				2A35E70F2A78ADF9000DDA17 /* FavoriteButton.swift in Sources */,
				2A35E7122A78ADF9000DDA17 /* Hike.swift in Sources */,
				2A35E7132A78ADF9000DDA17 /* MapView.swift in Sources */,
				2A35E7142A78ADF9000DDA17 /* Profile.swift in Sources */,
				2A35E70C2A78ADF9000DDA17 /* Landmark.swift in Sources */,
				2A35E70E2A78ADF9000DDA17 /* ModelData.swift in Sources */,
			);
			runOnlyForDeploymentPostprocessing = 0;
		};
		2A35E6E92A78AC91000DDA17 /* Sources */ = {
			isa = PBXSourcesBuildPhase;
			buildActionMask = 2147483647;
			files = (
				2A35E6F22A78AC91000DDA17 /* MacLandmarksTests.swift in Sources */,
			);
			runOnlyForDeploymentPostprocessing = 0;
		};
		2A35E6F32A78AC91000DDA17 /* Sources */ = {
			isa = PBXSourcesBuildPhase;
			buildActionMask = 2147483647;
			files = (
				2A35E6FE2A78AC91000DDA17 /* MacLandmarksUITestsLaunchTests.swift in Sources */,
				2A35E6FC2A78AC91000DDA17 /* MacLandmarksUITests.swift in Sources */,
			);
			runOnlyForDeploymentPostprocessing = 0;
		};
		2AB94C3F2A720D91004FEB0B /* Sources */ = {
			isa = PBXSourcesBuildPhase;
			buildActionMask = 2147483647;
			files = (
				2A4E6F112A73E74600D23B8F /* CategoryRow.swift in Sources */,
				2A35E6802A775A66000DDA17 /* Profile.swift in Sources */,
				2AB94C492A720D91004FEB0B /* ContentView.swift in Sources */,
				2A4E6F0F2A73DAAC00D23B8F /* CategoryHome.swift in Sources */,
				2A35E68E2A77897F000DDA17 /* FeatureCard.swift in Sources */,
				2A4E6F082A73B22D00D23B8F /* HikeGraph.swift in Sources */,
				2AB94C972A739C4C004FEB0B /* Badge.swift in Sources */,
				2AB94C752A7226AF004FEB0B /* MapView.swift in Sources */,
				2A4E6F052A73AD5800D23B8F /* GraphCapsule.swift in Sources */,
				2AB94C472A720D91004FEB0B /* LandmarksApp.swift in Sources */,
				2A35E6922A779E06000DDA17 /* PageControl.swift in Sources */,
				2AB94C8B2A72899A004FEB0B /* FavoriteButton.swift in Sources */,
				2A4E6F132A73E98D00D23B8F /* CategoryItem.swift in Sources */,
				2A4E6F0A2A73B8E600D23B8F /* HikeDetail.swift in Sources */,
				2A35E6852A775EA9000DDA17 /* ProfileSummary.swift in Sources */,
				2AB94C8F2A736C7B004FEB0B /* HexagonParameters.swift in Sources */,
				2A35E6832A775BD1000DDA17 /* ProfileHost.swift in Sources */,
				2AB94C9C2A73A1AD004FEB0B /* Hike.swift in Sources */,
				2AB94C952A739B87004FEB0B /* RotatedBadgeSymbol.swift in Sources */,
				2A35E6902A7790F8000DDA17 /* PageView.swift in Sources */,
				2AB94C932A73955E004FEB0B /* BadgeSymbol.swift in Sources */,
				2A35E6892A777089000DDA17 /* ProfileEditor.swift in Sources */,
				2AB94C822A724A0F004FEB0B /* LandmarkList.swift in Sources */,
				2A4E6F0C2A73BC2B00D23B8F /* HikeView.swift in Sources */,
				2AB94C842A724D0F004FEB0B /* LandmarkDetail.swift in Sources */,
				2A35E68B2A77843F000DDA17 /* PageViewController.swift in Sources */,
				2AB94C912A7374A1004FEB0B /* BadgeBackground.swift in Sources */,
				2A35E6872A7765E9000DDA17 /* HikeBadge.swift in Sources */,
				2AB94C892A725A91004FEB0B /* Landmark.swift in Sources */,
				2AB94C882A725A91004FEB0B /* ModelData.swift in Sources */,
				2AB94C732A72255E004FEB0B /* CircleImage.swift in Sources */,
				2AB94C802A724608004FEB0B /* LandmarkRow.swift in Sources */,
			);
			runOnlyForDeploymentPostprocessing = 0;
		};
		2AB94C4F2A720D92004FEB0B /* Sources */ = {
			isa = PBXSourcesBuildPhase;
			buildActionMask = 2147483647;
			files = (
				2AB94C582A720D93004FEB0B /* LandmarksTests.swift in Sources */,
			);
			runOnlyForDeploymentPostprocessing = 0;
		};
		2AB94C592A720D93004FEB0B /* Sources */ = {
			isa = PBXSourcesBuildPhase;
			buildActionMask = 2147483647;
			files = (
				2AB94C642A720D93004FEB0B /* LandmarksUITestsLaunchTests.swift in Sources */,
				2AB94C622A720D93004FEB0B /* LandmarksUITests.swift in Sources */,
			);
			runOnlyForDeploymentPostprocessing = 0;
		};
/* End PBXSourcesBuildPhase section */

/* Begin PBXTargetDependency section */
		2A35E6A82A77AA22000DDA17 /* PBXTargetDependency */ = {
			isa = PBXTargetDependency;
			target = 2A35E6962A77AA20000DDA17 /* WatchLandmarks Watch App */;
			targetProxy = 2A35E6A72A77AA22000DDA17 /* PBXContainerItemProxy */;
		};
		2A35E6B22A77AA22000DDA17 /* PBXTargetDependency */ = {
			isa = PBXTargetDependency;
			target = 2A35E6962A77AA20000DDA17 /* WatchLandmarks Watch App */;
			targetProxy = 2A35E6B12A77AA22000DDA17 /* PBXContainerItemProxy */;
		};
		2A35E6B92A77AA22000DDA17 /* PBXTargetDependency */ = {
			isa = PBXTargetDependency;
			target = 2A35E6962A77AA20000DDA17 /* WatchLandmarks Watch App */;
			targetProxy = 2A35E6B82A77AA22000DDA17 /* PBXContainerItemProxy */;
		};
		2A35E6EF2A78AC91000DDA17 /* PBXTargetDependency */ = {
			isa = PBXTargetDependency;
			target = 2A35E6DC2A78AC8F000DDA17 /* MacLandmarks */;
			targetProxy = 2A35E6EE2A78AC91000DDA17 /* PBXContainerItemProxy */;
		};
		2A35E6F92A78AC91000DDA17 /* PBXTargetDependency */ = {
			isa = PBXTargetDependency;
			target = 2A35E6DC2A78AC8F000DDA17 /* MacLandmarks */;
			targetProxy = 2A35E6F82A78AC91000DDA17 /* PBXContainerItemProxy */;
		};
		2AB94C552A720D93004FEB0B /* PBXTargetDependency */ = {
			isa = PBXTargetDependency;
			target = 2AB94C422A720D91004FEB0B /* Landmarks */;
			targetProxy = 2AB94C542A720D93004FEB0B /* PBXContainerItemProxy */;
		};
		2AB94C5F2A720D93004FEB0B /* PBXTargetDependency */ = {
			isa = PBXTargetDependency;
			target = 2AB94C422A720D91004FEB0B /* Landmarks */;
			targetProxy = 2AB94C5E2A720D93004FEB0B /* PBXContainerItemProxy */;
		};
/* End PBXTargetDependency section */

/* Begin XCBuildConfiguration section */
		2A35E6BC2A77AA22000DDA17 /* Debug */ = {
			isa = XCBuildConfiguration;
			buildSettings = {
				ASSETCATALOG_COMPILER_APPICON_NAME = AppIcon;
				ASSETCATALOG_COMPILER_GLOBAL_ACCENT_COLOR_NAME = AccentColor;
				CODE_SIGN_STYLE = Automatic;
				CURRENT_PROJECT_VERSION = 1;
				DEVELOPMENT_ASSET_PATHS = "\"WatchLandmarks Watch App/Preview Content\"";
				DEVELOPMENT_TEAM = 5K6BH2N7SF;
				ENABLE_PREVIEWS = YES;
				GENERATE_INFOPLIST_FILE = YES;
				INFOPLIST_KEY_CFBundleDisplayName = WatchLandmarks;
				INFOPLIST_KEY_UISupportedInterfaceOrientations = "UIInterfaceOrientationPortrait UIInterfaceOrientationPortraitUpsideDown";
				INFOPLIST_KEY_WKCompanionAppBundleIdentifier = com.galih.Landmarks;
				INFOPLIST_KEY_WKRunsIndependentlyOfCompanionApp = YES;
				LD_RUNPATH_SEARCH_PATHS = (
					"$(inherited)",
					"@executable_path/Frameworks",
				);
				MARKETING_VERSION = 1.0;
				PRODUCT_BUNDLE_IDENTIFIER = com.galih.Landmarks.watchkitapp;
				PRODUCT_NAME = "$(TARGET_NAME)";
				SDKROOT = watchos;
				SKIP_INSTALL = YES;
				SWIFT_EMIT_LOC_STRINGS = YES;
				SWIFT_VERSION = 5.0;
				TARGETED_DEVICE_FAMILY = 4;
				WATCHOS_DEPLOYMENT_TARGET = 9.4;
			};
			name = Debug;
		};
		2A35E6BD2A77AA22000DDA17 /* Release */ = {
			isa = XCBuildConfiguration;
			buildSettings = {
				ASSETCATALOG_COMPILER_APPICON_NAME = AppIcon;
				ASSETCATALOG_COMPILER_GLOBAL_ACCENT_COLOR_NAME = AccentColor;
				CODE_SIGN_STYLE = Automatic;
				CURRENT_PROJECT_VERSION = 1;
				DEVELOPMENT_ASSET_PATHS = "\"WatchLandmarks Watch App/Preview Content\"";
				DEVELOPMENT_TEAM = 5K6BH2N7SF;
				ENABLE_PREVIEWS = YES;
				GENERATE_INFOPLIST_FILE = YES;
				INFOPLIST_KEY_CFBundleDisplayName = WatchLandmarks;
				INFOPLIST_KEY_UISupportedInterfaceOrientations = "UIInterfaceOrientationPortrait UIInterfaceOrientationPortraitUpsideDown";
				INFOPLIST_KEY_WKCompanionAppBundleIdentifier = com.galih.Landmarks;
				INFOPLIST_KEY_WKRunsIndependentlyOfCompanionApp = YES;
				LD_RUNPATH_SEARCH_PATHS = (
					"$(inherited)",
					"@executable_path/Frameworks",
				);
				MARKETING_VERSION = 1.0;
				PRODUCT_BUNDLE_IDENTIFIER = com.galih.Landmarks.watchkitapp;
				PRODUCT_NAME = "$(TARGET_NAME)";
				SDKROOT = watchos;
				SKIP_INSTALL = YES;
				SWIFT_EMIT_LOC_STRINGS = YES;
				SWIFT_VERSION = 5.0;
				TARGETED_DEVICE_FAMILY = 4;
				WATCHOS_DEPLOYMENT_TARGET = 9.4;
			};
			name = Release;
		};
		2A35E6BE2A77AA22000DDA17 /* Debug */ = {
			isa = XCBuildConfiguration;
			buildSettings = {
				ALWAYS_EMBED_SWIFT_STANDARD_LIBRARIES = YES;
				BUNDLE_LOADER = "$(TEST_HOST)";
				CODE_SIGN_STYLE = Automatic;
				CURRENT_PROJECT_VERSION = 1;
				DEVELOPMENT_TEAM = 5K6BH2N7SF;
				GENERATE_INFOPLIST_FILE = YES;
				MARKETING_VERSION = 1.0;
				PRODUCT_BUNDLE_IDENTIFIER = "com.galih.WatchLandmarks-Watch-AppTests";
				PRODUCT_NAME = "$(TARGET_NAME)";
				SDKROOT = watchos;
				SWIFT_EMIT_LOC_STRINGS = NO;
				SWIFT_VERSION = 5.0;
				TARGETED_DEVICE_FAMILY = 4;
				TEST_HOST = "$(BUILT_PRODUCTS_DIR)/WatchLandmarks Watch App.app/$(BUNDLE_EXECUTABLE_FOLDER_PATH)/WatchLandmarks Watch App";
				WATCHOS_DEPLOYMENT_TARGET = 9.4;
			};
			name = Debug;
		};
		2A35E6BF2A77AA22000DDA17 /* Release */ = {
			isa = XCBuildConfiguration;
			buildSettings = {
				ALWAYS_EMBED_SWIFT_STANDARD_LIBRARIES = YES;
				BUNDLE_LOADER = "$(TEST_HOST)";
				CODE_SIGN_STYLE = Automatic;
				CURRENT_PROJECT_VERSION = 1;
				DEVELOPMENT_TEAM = 5K6BH2N7SF;
				GENERATE_INFOPLIST_FILE = YES;
				MARKETING_VERSION = 1.0;
				PRODUCT_BUNDLE_IDENTIFIER = "com.galih.WatchLandmarks-Watch-AppTests";
				PRODUCT_NAME = "$(TARGET_NAME)";
				SDKROOT = watchos;
				SWIFT_EMIT_LOC_STRINGS = NO;
				SWIFT_VERSION = 5.0;
				TARGETED_DEVICE_FAMILY = 4;
				TEST_HOST = "$(BUILT_PRODUCTS_DIR)/WatchLandmarks Watch App.app/$(BUNDLE_EXECUTABLE_FOLDER_PATH)/WatchLandmarks Watch App";
				WATCHOS_DEPLOYMENT_TARGET = 9.4;
			};
			name = Release;
		};
		2A35E6C02A77AA22000DDA17 /* Debug */ = {
			isa = XCBuildConfiguration;
			buildSettings = {
				ALWAYS_EMBED_SWIFT_STANDARD_LIBRARIES = YES;
				CODE_SIGN_STYLE = Automatic;
				CURRENT_PROJECT_VERSION = 1;
				DEVELOPMENT_TEAM = 5K6BH2N7SF;
				GENERATE_INFOPLIST_FILE = YES;
				MARKETING_VERSION = 1.0;
				PRODUCT_BUNDLE_IDENTIFIER = "com.galih.WatchLandmarks-Watch-AppUITests";
				PRODUCT_NAME = "$(TARGET_NAME)";
				SDKROOT = watchos;
				SWIFT_EMIT_LOC_STRINGS = NO;
				SWIFT_VERSION = 5.0;
				TARGETED_DEVICE_FAMILY = 4;
				TEST_TARGET_NAME = "WatchLandmarks Watch App";
				WATCHOS_DEPLOYMENT_TARGET = 9.4;
			};
			name = Debug;
		};
		2A35E6C12A77AA22000DDA17 /* Release */ = {
			isa = XCBuildConfiguration;
			buildSettings = {
				ALWAYS_EMBED_SWIFT_STANDARD_LIBRARIES = YES;
				CODE_SIGN_STYLE = Automatic;
				CURRENT_PROJECT_VERSION = 1;
				DEVELOPMENT_TEAM = 5K6BH2N7SF;
				GENERATE_INFOPLIST_FILE = YES;
				MARKETING_VERSION = 1.0;
				PRODUCT_BUNDLE_IDENTIFIER = "com.galih.WatchLandmarks-Watch-AppUITests";
				PRODUCT_NAME = "$(TARGET_NAME)";
				SDKROOT = watchos;
				SWIFT_EMIT_LOC_STRINGS = NO;
				SWIFT_VERSION = 5.0;
				TARGETED_DEVICE_FAMILY = 4;
				TEST_TARGET_NAME = "WatchLandmarks Watch App";
				WATCHOS_DEPLOYMENT_TARGET = 9.4;
			};
			name = Release;
		};
		2A35E7002A78AC91000DDA17 /* Debug */ = {
			isa = XCBuildConfiguration;
			buildSettings = {
				ASSETCATALOG_COMPILER_APPICON_NAME = AppIcon;
				ASSETCATALOG_COMPILER_GLOBAL_ACCENT_COLOR_NAME = AccentColor;
				CODE_SIGN_ENTITLEMENTS = MacLandmarks/MacLandmarks.entitlements;
				CODE_SIGN_STYLE = Automatic;
				COMBINE_HIDPI_IMAGES = YES;
				CURRENT_PROJECT_VERSION = 1;
				DEVELOPMENT_ASSET_PATHS = "\"MacLandmarks/Preview Content\"";
				DEVELOPMENT_TEAM = 5K6BH2N7SF;
				ENABLE_HARDENED_RUNTIME = YES;
				ENABLE_PREVIEWS = YES;
				GENERATE_INFOPLIST_FILE = YES;
				INFOPLIST_KEY_NSHumanReadableCopyright = "";
				LD_RUNPATH_SEARCH_PATHS = (
					"$(inherited)",
					"@executable_path/../Frameworks",
				);
				MACOSX_DEPLOYMENT_TARGET = 13.3;
				MARKETING_VERSION = 1.0;
				PRODUCT_BUNDLE_IDENTIFIER = com.galih.MacLandmarks;
				PRODUCT_NAME = "$(TARGET_NAME)";
				SDKROOT = macosx;
				SWIFT_EMIT_LOC_STRINGS = YES;
				SWIFT_VERSION = 5.0;
			};
			name = Debug;
		};
		2A35E7012A78AC91000DDA17 /* Release */ = {
			isa = XCBuildConfiguration;
			buildSettings = {
				ASSETCATALOG_COMPILER_APPICON_NAME = AppIcon;
				ASSETCATALOG_COMPILER_GLOBAL_ACCENT_COLOR_NAME = AccentColor;
				CODE_SIGN_ENTITLEMENTS = MacLandmarks/MacLandmarks.entitlements;
				CODE_SIGN_STYLE = Automatic;
				COMBINE_HIDPI_IMAGES = YES;
				CURRENT_PROJECT_VERSION = 1;
				DEVELOPMENT_ASSET_PATHS = "\"MacLandmarks/Preview Content\"";
				DEVELOPMENT_TEAM = 5K6BH2N7SF;
				ENABLE_HARDENED_RUNTIME = YES;
				ENABLE_PREVIEWS = YES;
				GENERATE_INFOPLIST_FILE = YES;
				INFOPLIST_KEY_NSHumanReadableCopyright = "";
				LD_RUNPATH_SEARCH_PATHS = (
					"$(inherited)",
					"@executable_path/../Frameworks",
				);
				MACOSX_DEPLOYMENT_TARGET = 13.3;
				MARKETING_VERSION = 1.0;
				PRODUCT_BUNDLE_IDENTIFIER = com.galih.MacLandmarks;
				PRODUCT_NAME = "$(TARGET_NAME)";
				SDKROOT = macosx;
				SWIFT_EMIT_LOC_STRINGS = YES;
				SWIFT_VERSION = 5.0;
			};
			name = Release;
		};
		2A35E7032A78AC91000DDA17 /* Debug */ = {
			isa = XCBuildConfiguration;
			buildSettings = {
				ALWAYS_EMBED_SWIFT_STANDARD_LIBRARIES = YES;
				BUNDLE_LOADER = "$(TEST_HOST)";
				CODE_SIGN_STYLE = Automatic;
				CURRENT_PROJECT_VERSION = 1;
				DEVELOPMENT_TEAM = 5K6BH2N7SF;
				GENERATE_INFOPLIST_FILE = YES;
				MACOSX_DEPLOYMENT_TARGET = 13.3;
				MARKETING_VERSION = 1.0;
				PRODUCT_BUNDLE_IDENTIFIER = com.galih.MacLandmarksTests;
				PRODUCT_NAME = "$(TARGET_NAME)";
				SDKROOT = macosx;
				SWIFT_EMIT_LOC_STRINGS = NO;
				SWIFT_VERSION = 5.0;
				TEST_HOST = "$(BUILT_PRODUCTS_DIR)/MacLandmarks.app/$(BUNDLE_EXECUTABLE_FOLDER_PATH)/MacLandmarks";
			};
			name = Debug;
		};
		2A35E7042A78AC91000DDA17 /* Release */ = {
			isa = XCBuildConfiguration;
			buildSettings = {
				ALWAYS_EMBED_SWIFT_STANDARD_LIBRARIES = YES;
				BUNDLE_LOADER = "$(TEST_HOST)";
				CODE_SIGN_STYLE = Automatic;
				CURRENT_PROJECT_VERSION = 1;
				DEVELOPMENT_TEAM = 5K6BH2N7SF;
				GENERATE_INFOPLIST_FILE = YES;
				MACOSX_DEPLOYMENT_TARGET = 13.3;
				MARKETING_VERSION = 1.0;
				PRODUCT_BUNDLE_IDENTIFIER = com.galih.MacLandmarksTests;
				PRODUCT_NAME = "$(TARGET_NAME)";
				SDKROOT = macosx;
				SWIFT_EMIT_LOC_STRINGS = NO;
				SWIFT_VERSION = 5.0;
				TEST_HOST = "$(BUILT_PRODUCTS_DIR)/MacLandmarks.app/$(BUNDLE_EXECUTABLE_FOLDER_PATH)/MacLandmarks";
			};
			name = Release;
		};
		2A35E7062A78AC91000DDA17 /* Debug */ = {
			isa = XCBuildConfiguration;
			buildSettings = {
				ALWAYS_EMBED_SWIFT_STANDARD_LIBRARIES = YES;
				CODE_SIGN_STYLE = Automatic;
				CURRENT_PROJECT_VERSION = 1;
				DEVELOPMENT_TEAM = 5K6BH2N7SF;
				GENERATE_INFOPLIST_FILE = YES;
				MACOSX_DEPLOYMENT_TARGET = 13.3;
				MARKETING_VERSION = 1.0;
				PRODUCT_BUNDLE_IDENTIFIER = com.galih.MacLandmarksUITests;
				PRODUCT_NAME = "$(TARGET_NAME)";
				SDKROOT = macosx;
				SWIFT_EMIT_LOC_STRINGS = NO;
				SWIFT_VERSION = 5.0;
				TEST_TARGET_NAME = MacLandmarks;
			};
			name = Debug;
		};
		2A35E7072A78AC91000DDA17 /* Release */ = {
			isa = XCBuildConfiguration;
			buildSettings = {
				ALWAYS_EMBED_SWIFT_STANDARD_LIBRARIES = YES;
				CODE_SIGN_STYLE = Automatic;
				CURRENT_PROJECT_VERSION = 1;
				DEVELOPMENT_TEAM = 5K6BH2N7SF;
				GENERATE_INFOPLIST_FILE = YES;
				MACOSX_DEPLOYMENT_TARGET = 13.3;
				MARKETING_VERSION = 1.0;
				PRODUCT_BUNDLE_IDENTIFIER = com.galih.MacLandmarksUITests;
				PRODUCT_NAME = "$(TARGET_NAME)";
				SDKROOT = macosx;
				SWIFT_EMIT_LOC_STRINGS = NO;
				SWIFT_VERSION = 5.0;
				TEST_TARGET_NAME = MacLandmarks;
			};
			name = Release;
		};
		2AB94C652A720D93004FEB0B /* Debug */ = {
			isa = XCBuildConfiguration;
			buildSettings = {
				ALWAYS_SEARCH_USER_PATHS = NO;
				CLANG_ANALYZER_NONNULL = YES;
				CLANG_ANALYZER_NUMBER_OBJECT_CONVERSION = YES_AGGRESSIVE;
				CLANG_CXX_LANGUAGE_STANDARD = "gnu++20";
				CLANG_ENABLE_MODULES = YES;
				CLANG_ENABLE_OBJC_ARC = YES;
				CLANG_ENABLE_OBJC_WEAK = YES;
				CLANG_WARN_BLOCK_CAPTURE_AUTORELEASING = YES;
				CLANG_WARN_BOOL_CONVERSION = YES;
				CLANG_WARN_COMMA = YES;
				CLANG_WARN_CONSTANT_CONVERSION = YES;
				CLANG_WARN_DEPRECATED_OBJC_IMPLEMENTATIONS = YES;
				CLANG_WARN_DIRECT_OBJC_ISA_USAGE = YES_ERROR;
				CLANG_WARN_DOCUMENTATION_COMMENTS = YES;
				CLANG_WARN_EMPTY_BODY = YES;
				CLANG_WARN_ENUM_CONVERSION = YES;
				CLANG_WARN_INFINITE_RECURSION = YES;
				CLANG_WARN_INT_CONVERSION = YES;
				CLANG_WARN_NON_LITERAL_NULL_CONVERSION = YES;
				CLANG_WARN_OBJC_IMPLICIT_RETAIN_SELF = YES;
				CLANG_WARN_OBJC_LITERAL_CONVERSION = YES;
				CLANG_WARN_OBJC_ROOT_CLASS = YES_ERROR;
				CLANG_WARN_QUOTED_INCLUDE_IN_FRAMEWORK_HEADER = YES;
				CLANG_WARN_RANGE_LOOP_ANALYSIS = YES;
				CLANG_WARN_STRICT_PROTOTYPES = YES;
				CLANG_WARN_SUSPICIOUS_MOVE = YES;
				CLANG_WARN_UNGUARDED_AVAILABILITY = YES_AGGRESSIVE;
				CLANG_WARN_UNREACHABLE_CODE = YES;
				CLANG_WARN__DUPLICATE_METHOD_MATCH = YES;
				COPY_PHASE_STRIP = NO;
				DEBUG_INFORMATION_FORMAT = dwarf;
				ENABLE_STRICT_OBJC_MSGSEND = YES;
				ENABLE_TESTABILITY = YES;
				GCC_C_LANGUAGE_STANDARD = gnu11;
				GCC_DYNAMIC_NO_PIC = NO;
				GCC_NO_COMMON_BLOCKS = YES;
				GCC_OPTIMIZATION_LEVEL = 0;
				GCC_PREPROCESSOR_DEFINITIONS = (
					"DEBUG=1",
					"$(inherited)",
				);
				GCC_WARN_64_TO_32_BIT_CONVERSION = YES;
				GCC_WARN_ABOUT_RETURN_TYPE = YES_ERROR;
				GCC_WARN_UNDECLARED_SELECTOR = YES;
				GCC_WARN_UNINITIALIZED_AUTOS = YES_AGGRESSIVE;
				GCC_WARN_UNUSED_FUNCTION = YES;
				GCC_WARN_UNUSED_VARIABLE = YES;
				IPHONEOS_DEPLOYMENT_TARGET = 16.4;
				MTL_ENABLE_DEBUG_INFO = INCLUDE_SOURCE;
				MTL_FAST_MATH = YES;
				ONLY_ACTIVE_ARCH = YES;
				SDKROOT = iphoneos;
				SWIFT_ACTIVE_COMPILATION_CONDITIONS = DEBUG;
				SWIFT_OPTIMIZATION_LEVEL = "-Onone";
			};
			name = Debug;
		};
		2AB94C662A720D93004FEB0B /* Release */ = {
			isa = XCBuildConfiguration;
			buildSettings = {
				ALWAYS_SEARCH_USER_PATHS = NO;
				CLANG_ANALYZER_NONNULL = YES;
				CLANG_ANALYZER_NUMBER_OBJECT_CONVERSION = YES_AGGRESSIVE;
				CLANG_CXX_LANGUAGE_STANDARD = "gnu++20";
				CLANG_ENABLE_MODULES = YES;
				CLANG_ENABLE_OBJC_ARC = YES;
				CLANG_ENABLE_OBJC_WEAK = YES;
				CLANG_WARN_BLOCK_CAPTURE_AUTORELEASING = YES;
				CLANG_WARN_BOOL_CONVERSION = YES;
				CLANG_WARN_COMMA = YES;
				CLANG_WARN_CONSTANT_CONVERSION = YES;
				CLANG_WARN_DEPRECATED_OBJC_IMPLEMENTATIONS = YES;
				CLANG_WARN_DIRECT_OBJC_ISA_USAGE = YES_ERROR;
				CLANG_WARN_DOCUMENTATION_COMMENTS = YES;
				CLANG_WARN_EMPTY_BODY = YES;
				CLANG_WARN_ENUM_CONVERSION = YES;
				CLANG_WARN_INFINITE_RECURSION = YES;
				CLANG_WARN_INT_CONVERSION = YES;
				CLANG_WARN_NON_LITERAL_NULL_CONVERSION = YES;
				CLANG_WARN_OBJC_IMPLICIT_RETAIN_SELF = YES;
				CLANG_WARN_OBJC_LITERAL_CONVERSION = YES;
				CLANG_WARN_OBJC_ROOT_CLASS = YES_ERROR;
				CLANG_WARN_QUOTED_INCLUDE_IN_FRAMEWORK_HEADER = YES;
				CLANG_WARN_RANGE_LOOP_ANALYSIS = YES;
				CLANG_WARN_STRICT_PROTOTYPES = YES;
				CLANG_WARN_SUSPICIOUS_MOVE = YES;
				CLANG_WARN_UNGUARDED_AVAILABILITY = YES_AGGRESSIVE;
				CLANG_WARN_UNREACHABLE_CODE = YES;
				CLANG_WARN__DUPLICATE_METHOD_MATCH = YES;
				COPY_PHASE_STRIP = NO;
				DEBUG_INFORMATION_FORMAT = "dwarf-with-dsym";
				ENABLE_NS_ASSERTIONS = NO;
				ENABLE_STRICT_OBJC_MSGSEND = YES;
				GCC_C_LANGUAGE_STANDARD = gnu11;
				GCC_NO_COMMON_BLOCKS = YES;
				GCC_WARN_64_TO_32_BIT_CONVERSION = YES;
				GCC_WARN_ABOUT_RETURN_TYPE = YES_ERROR;
				GCC_WARN_UNDECLARED_SELECTOR = YES;
				GCC_WARN_UNINITIALIZED_AUTOS = YES_AGGRESSIVE;
				GCC_WARN_UNUSED_FUNCTION = YES;
				GCC_WARN_UNUSED_VARIABLE = YES;
				IPHONEOS_DEPLOYMENT_TARGET = 16.4;
				MTL_ENABLE_DEBUG_INFO = NO;
				MTL_FAST_MATH = YES;
				SDKROOT = iphoneos;
				SWIFT_COMPILATION_MODE = wholemodule;
				SWIFT_OPTIMIZATION_LEVEL = "-O";
				VALIDATE_PRODUCT = YES;
			};
			name = Release;
		};
		2AB94C682A720D93004FEB0B /* Debug */ = {
			isa = XCBuildConfiguration;
			buildSettings = {
				ALWAYS_EMBED_SWIFT_STANDARD_LIBRARIES = YES;
				ASSETCATALOG_COMPILER_APPICON_NAME = AppIcon;
				ASSETCATALOG_COMPILER_GLOBAL_ACCENT_COLOR_NAME = AccentColor;
				CODE_SIGN_STYLE = Automatic;
				CURRENT_PROJECT_VERSION = 1;
				DEVELOPMENT_ASSET_PATHS = "\"Landmarks/Preview Content\"";
				DEVELOPMENT_TEAM = 5K6BH2N7SF;
				ENABLE_PREVIEWS = YES;
				GENERATE_INFOPLIST_FILE = YES;
				INFOPLIST_KEY_UIApplicationSceneManifest_Generation = YES;
				INFOPLIST_KEY_UIApplicationSupportsIndirectInputEvents = YES;
				INFOPLIST_KEY_UILaunchScreen_Generation = YES;
				INFOPLIST_KEY_UISupportedInterfaceOrientations_iPad = "UIInterfaceOrientationPortrait UIInterfaceOrientationPortraitUpsideDown UIInterfaceOrientationLandscapeLeft UIInterfaceOrientationLandscapeRight";
				INFOPLIST_KEY_UISupportedInterfaceOrientations_iPhone = "UIInterfaceOrientationPortrait UIInterfaceOrientationLandscapeLeft UIInterfaceOrientationLandscapeRight";
				LD_RUNPATH_SEARCH_PATHS = (
					"$(inherited)",
					"@executable_path/Frameworks",
				);
				MARKETING_VERSION = 1.0;
				PRODUCT_BUNDLE_IDENTIFIER = com.galih.Landmarks;
				PRODUCT_NAME = "$(TARGET_NAME)";
				SWIFT_EMIT_LOC_STRINGS = YES;
				SWIFT_VERSION = 5.0;
				TARGETED_DEVICE_FAMILY = "1,2";
			};
			name = Debug;
		};
		2AB94C692A720D93004FEB0B /* Release */ = {
			isa = XCBuildConfiguration;
			buildSettings = {
				ALWAYS_EMBED_SWIFT_STANDARD_LIBRARIES = YES;
				ASSETCATALOG_COMPILER_APPICON_NAME = AppIcon;
				ASSETCATALOG_COMPILER_GLOBAL_ACCENT_COLOR_NAME = AccentColor;
				CODE_SIGN_STYLE = Automatic;
				CURRENT_PROJECT_VERSION = 1;
				DEVELOPMENT_ASSET_PATHS = "\"Landmarks/Preview Content\"";
				DEVELOPMENT_TEAM = 5K6BH2N7SF;
				ENABLE_PREVIEWS = YES;
				GENERATE_INFOPLIST_FILE = YES;
				INFOPLIST_KEY_UIApplicationSceneManifest_Generation = YES;
				INFOPLIST_KEY_UIApplicationSupportsIndirectInputEvents = YES;
				INFOPLIST_KEY_UILaunchScreen_Generation = YES;
				INFOPLIST_KEY_UISupportedInterfaceOrientations_iPad = "UIInterfaceOrientationPortrait UIInterfaceOrientationPortraitUpsideDown UIInterfaceOrientationLandscapeLeft UIInterfaceOrientationLandscapeRight";
				INFOPLIST_KEY_UISupportedInterfaceOrientations_iPhone = "UIInterfaceOrientationPortrait UIInterfaceOrientationLandscapeLeft UIInterfaceOrientationLandscapeRight";
				LD_RUNPATH_SEARCH_PATHS = (
					"$(inherited)",
					"@executable_path/Frameworks",
				);
				MARKETING_VERSION = 1.0;
				PRODUCT_BUNDLE_IDENTIFIER = com.galih.Landmarks;
				PRODUCT_NAME = "$(TARGET_NAME)";
				SWIFT_EMIT_LOC_STRINGS = YES;
				SWIFT_VERSION = 5.0;
				TARGETED_DEVICE_FAMILY = "1,2";
			};
			name = Release;
		};
		2AB94C6B2A720D93004FEB0B /* Debug */ = {
			isa = XCBuildConfiguration;
			buildSettings = {
				ALWAYS_EMBED_SWIFT_STANDARD_LIBRARIES = YES;
				BUNDLE_LOADER = "$(TEST_HOST)";
				CODE_SIGN_STYLE = Automatic;
				CURRENT_PROJECT_VERSION = 1;
				DEVELOPMENT_TEAM = 5K6BH2N7SF;
				GENERATE_INFOPLIST_FILE = YES;
				IPHONEOS_DEPLOYMENT_TARGET = 16.4;
				MARKETING_VERSION = 1.0;
				PRODUCT_BUNDLE_IDENTIFIER = com.galih.LandmarksTests;
				PRODUCT_NAME = "$(TARGET_NAME)";
				SWIFT_EMIT_LOC_STRINGS = NO;
				SWIFT_VERSION = 5.0;
				TARGETED_DEVICE_FAMILY = "1,2";
				TEST_HOST = "$(BUILT_PRODUCTS_DIR)/Landmarks.app/$(BUNDLE_EXECUTABLE_FOLDER_PATH)/Landmarks";
			};
			name = Debug;
		};
		2AB94C6C2A720D93004FEB0B /* Release */ = {
			isa = XCBuildConfiguration;
			buildSettings = {
				ALWAYS_EMBED_SWIFT_STANDARD_LIBRARIES = YES;
				BUNDLE_LOADER = "$(TEST_HOST)";
				CODE_SIGN_STYLE = Automatic;
				CURRENT_PROJECT_VERSION = 1;
				DEVELOPMENT_TEAM = 5K6BH2N7SF;
				GENERATE_INFOPLIST_FILE = YES;
				IPHONEOS_DEPLOYMENT_TARGET = 16.4;
				MARKETING_VERSION = 1.0;
				PRODUCT_BUNDLE_IDENTIFIER = com.galih.LandmarksTests;
				PRODUCT_NAME = "$(TARGET_NAME)";
				SWIFT_EMIT_LOC_STRINGS = NO;
				SWIFT_VERSION = 5.0;
				TARGETED_DEVICE_FAMILY = "1,2";
				TEST_HOST = "$(BUILT_PRODUCTS_DIR)/Landmarks.app/$(BUNDLE_EXECUTABLE_FOLDER_PATH)/Landmarks";
			};
			name = Release;
		};
		2AB94C6E2A720D93004FEB0B /* Debug */ = {
			isa = XCBuildConfiguration;
			buildSettings = {
				ALWAYS_EMBED_SWIFT_STANDARD_LIBRARIES = YES;
				CODE_SIGN_STYLE = Automatic;
				CURRENT_PROJECT_VERSION = 1;
				DEVELOPMENT_TEAM = 5K6BH2N7SF;
				GENERATE_INFOPLIST_FILE = YES;
				MARKETING_VERSION = 1.0;
				PRODUCT_BUNDLE_IDENTIFIER = com.galih.LandmarksUITests;
				PRODUCT_NAME = "$(TARGET_NAME)";
				SWIFT_EMIT_LOC_STRINGS = NO;
				SWIFT_VERSION = 5.0;
				TARGETED_DEVICE_FAMILY = "1,2";
				TEST_TARGET_NAME = Landmarks;
			};
			name = Debug;
		};
		2AB94C6F2A720D93004FEB0B /* Release */ = {
			isa = XCBuildConfiguration;
			buildSettings = {
				ALWAYS_EMBED_SWIFT_STANDARD_LIBRARIES = YES;
				CODE_SIGN_STYLE = Automatic;
				CURRENT_PROJECT_VERSION = 1;
				DEVELOPMENT_TEAM = 5K6BH2N7SF;
				GENERATE_INFOPLIST_FILE = YES;
				MARKETING_VERSION = 1.0;
				PRODUCT_BUNDLE_IDENTIFIER = com.galih.LandmarksUITests;
				PRODUCT_NAME = "$(TARGET_NAME)";
				SWIFT_EMIT_LOC_STRINGS = NO;
				SWIFT_VERSION = 5.0;
				TARGETED_DEVICE_FAMILY = "1,2";
				TEST_TARGET_NAME = Landmarks;
			};
			name = Release;
		};
/* End XCBuildConfiguration section */

/* Begin XCConfigurationList section */
		2A35E6C22A77AA22000DDA17 /* Build configuration list for PBXNativeTarget "WatchLandmarks Watch App" */ = {
			isa = XCConfigurationList;
			buildConfigurations = (
				2A35E6BC2A77AA22000DDA17 /* Debug */,
				2A35E6BD2A77AA22000DDA17 /* Release */,
			);
			defaultConfigurationIsVisible = 0;
			defaultConfigurationName = Release;
		};
		2A35E6C32A77AA22000DDA17 /* Build configuration list for PBXNativeTarget "WatchLandmarks Watch AppTests" */ = {
			isa = XCConfigurationList;
			buildConfigurations = (
				2A35E6BE2A77AA22000DDA17 /* Debug */,
				2A35E6BF2A77AA22000DDA17 /* Release */,
			);
			defaultConfigurationIsVisible = 0;
			defaultConfigurationName = Release;
		};
		2A35E6C42A77AA22000DDA17 /* Build configuration list for PBXNativeTarget "WatchLandmarks Watch AppUITests" */ = {
			isa = XCConfigurationList;
			buildConfigurations = (
				2A35E6C02A77AA22000DDA17 /* Debug */,
				2A35E6C12A77AA22000DDA17 /* Release */,
			);
			defaultConfigurationIsVisible = 0;
			defaultConfigurationName = Release;
		};
		2A35E6FF2A78AC91000DDA17 /* Build configuration list for PBXNativeTarget "MacLandmarks" */ = {
			isa = XCConfigurationList;
			buildConfigurations = (
				2A35E7002A78AC91000DDA17 /* Debug */,
				2A35E7012A78AC91000DDA17 /* Release */,
			);
			defaultConfigurationIsVisible = 0;
			defaultConfigurationName = Release;
		};
		2A35E7022A78AC91000DDA17 /* Build configuration list for PBXNativeTarget "MacLandmarksTests" */ = {
			isa = XCConfigurationList;
			buildConfigurations = (
				2A35E7032A78AC91000DDA17 /* Debug */,
				2A35E7042A78AC91000DDA17 /* Release */,
			);
			defaultConfigurationIsVisible = 0;
			defaultConfigurationName = Release;
		};
		2A35E7052A78AC91000DDA17 /* Build configuration list for PBXNativeTarget "MacLandmarksUITests" */ = {
			isa = XCConfigurationList;
			buildConfigurations = (
				2A35E7062A78AC91000DDA17 /* Debug */,
				2A35E7072A78AC91000DDA17 /* Release */,
			);
			defaultConfigurationIsVisible = 0;
			defaultConfigurationName = Release;
		};
		2AB94C3E2A720D91004FEB0B /* Build configuration list for PBXProject "Landmarks" */ = {
			isa = XCConfigurationList;
			buildConfigurations = (
				2AB94C652A720D93004FEB0B /* Debug */,
				2AB94C662A720D93004FEB0B /* Release */,
			);
			defaultConfigurationIsVisible = 0;
			defaultConfigurationName = Release;
		};
		2AB94C672A720D93004FEB0B /* Build configuration list for PBXNativeTarget "Landmarks" */ = {
			isa = XCConfigurationList;
			buildConfigurations = (
				2AB94C682A720D93004FEB0B /* Debug */,
				2AB94C692A720D93004FEB0B /* Release */,
			);
			defaultConfigurationIsVisible = 0;
			defaultConfigurationName = Release;
		};
		2AB94C6A2A720D93004FEB0B /* Build configuration list for PBXNativeTarget "LandmarksTests" */ = {
			isa = XCConfigurationList;
			buildConfigurations = (
				2AB94C6B2A720D93004FEB0B /* Debug */,
				2AB94C6C2A720D93004FEB0B /* Release */,
			);
			defaultConfigurationIsVisible = 0;
			defaultConfigurationName = Release;
		};
		2AB94C6D2A720D93004FEB0B /* Build configuration list for PBXNativeTarget "LandmarksUITests" */ = {
			isa = XCConfigurationList;
			buildConfigurations = (
				2AB94C6E2A720D93004FEB0B /* Debug */,
				2AB94C6F2A720D93004FEB0B /* Release */,
			);
			defaultConfigurationIsVisible = 0;
			defaultConfigurationName = Release;
		};
/* End XCConfigurationList section */
	};
	rootObject = 2AB94C3B2A720D91004FEB0B /* Project object */;
}
