// !$*UTF8*$!
{
	archiveVersion = 1;
	classes = {
	};
	objectVersion = 56;
	objects = {

/* Begin PBXBuildFile section */
		2A4E6F052A73AD5800D23B8F /* GraphCapsule.swift in Sources */ = {isa = PBXBuildFile; fileRef = 2A4E6F042A73AD5800D23B8F /* GraphCapsule.swift */; };
		2A4E6F082A73B22D00D23B8F /* HikeGraph.swift in Sources */ = {isa = PBXBuildFile; fileRef = 2A4E6F072A73B22D00D23B8F /* HikeGraph.swift */; };
		2A4E6F0A2A73B8E600D23B8F /* HikeDetail.swift in Sources */ = {isa = PBXBuildFile; fileRef = 2A4E6F092A73B8E600D23B8F /* HikeDetail.swift */; };
		2A4E6F0C2A73BC2B00D23B8F /* HikeView.swift in Sources */ = {isa = PBXBuildFile; fileRef = 2A4E6F0B2A73BC2B00D23B8F /* HikeView.swift */; };
		2A4E6F0F2A73DAAC00D23B8F /* CategoryHome.swift in Sources */ = {isa = PBXBuildFile; fileRef = 2A4E6F0E2A73DAAC00D23B8F /* CategoryHome.swift */; };
		2AB94C472A720D91004FEB0B /* LandmarksApp.swift in Sources */ = {isa = PBXBuildFile; fileRef = 2AB94C462A720D91004FEB0B /* LandmarksApp.swift */; };
		2AB94C492A720D91004FEB0B /* ContentView.swift in Sources */ = {isa = PBXBuildFile; fileRef = 2AB94C482A720D91004FEB0B /* ContentView.swift */; };
		2AB94C4B2A720D92004FEB0B /* Assets.xcassets in Resources */ = {isa = PBXBuildFile; fileRef = 2AB94C4A2A720D92004FEB0B /* Assets.xcassets */; };
		2AB94C4E2A720D92004FEB0B /* Preview Assets.xcassets in Resources */ = {isa = PBXBuildFile; fileRef = 2AB94C4D2A720D92004FEB0B /* Preview Assets.xcassets */; };
		2AB94C582A720D93004FEB0B /* LandmarksTests.swift in Sources */ = {isa = PBXBuildFile; fileRef = 2AB94C572A720D93004FEB0B /* LandmarksTests.swift */; };
		2AB94C622A720D93004FEB0B /* LandmarksUITests.swift in Sources */ = {isa = PBXBuildFile; fileRef = 2AB94C612A720D93004FEB0B /* LandmarksUITests.swift */; };
		2AB94C642A720D93004FEB0B /* LandmarksUITestsLaunchTests.swift in Sources */ = {isa = PBXBuildFile; fileRef = 2AB94C632A720D93004FEB0B /* LandmarksUITestsLaunchTests.swift */; };
		2AB94C732A72255E004FEB0B /* CircleImage.swift in Sources */ = {isa = PBXBuildFile; fileRef = 2AB94C722A72255E004FEB0B /* CircleImage.swift */; };
		2AB94C752A7226AF004FEB0B /* MapView.swift in Sources */ = {isa = PBXBuildFile; fileRef = 2AB94C742A7226AF004FEB0B /* MapView.swift */; };
		2AB94C772A723375004FEB0B /* landmarkData.json in Resources */ = {isa = PBXBuildFile; fileRef = 2AB94C762A723375004FEB0B /* landmarkData.json */; };
		2AB94C802A724608004FEB0B /* LandmarkRow.swift in Sources */ = {isa = PBXBuildFile; fileRef = 2AB94C7F2A724608004FEB0B /* LandmarkRow.swift */; };
		2AB94C822A724A0F004FEB0B /* LandmarkList.swift in Sources */ = {isa = PBXBuildFile; fileRef = 2AB94C812A724A0F004FEB0B /* LandmarkList.swift */; };
		2AB94C842A724D0F004FEB0B /* LandmarkDetail.swift in Sources */ = {isa = PBXBuildFile; fileRef = 2AB94C832A724D0F004FEB0B /* LandmarkDetail.swift */; };
		2AB94C882A725A91004FEB0B /* ModelData.swift in Sources */ = {isa = PBXBuildFile; fileRef = 2AB94C862A725A90004FEB0B /* ModelData.swift */; };
		2AB94C892A725A91004FEB0B /* Landmark.swift in Sources */ = {isa = PBXBuildFile; fileRef = 2AB94C872A725A90004FEB0B /* Landmark.swift */; };
		2AB94C8B2A72899A004FEB0B /* FavoriteButton.swift in Sources */ = {isa = PBXBuildFile; fileRef = 2AB94C8A2A72899A004FEB0B /* FavoriteButton.swift */; };
		2AB94C8F2A736C7B004FEB0B /* HexagonParameters.swift in Sources */ = {isa = PBXBuildFile; fileRef = 2AB94C8E2A736C7B004FEB0B /* HexagonParameters.swift */; };
		2AB94C912A7374A1004FEB0B /* BadgeBackground.swift in Sources */ = {isa = PBXBuildFile; fileRef = 2AB94C902A7374A1004FEB0B /* BadgeBackground.swift */; };
		2AB94C932A73955E004FEB0B /* BadgeSymbol.swift in Sources */ = {isa = PBXBuildFile; fileRef = 2AB94C922A73955E004FEB0B /* BadgeSymbol.swift */; };
		2AB94C952A739B87004FEB0B /* RotatedBadgeSymbol.swift in Sources */ = {isa = PBXBuildFile; fileRef = 2AB94C942A739B87004FEB0B /* RotatedBadgeSymbol.swift */; };
		2AB94C972A739C4C004FEB0B /* Badge.swift in Sources */ = {isa = PBXBuildFile; fileRef = 2AB94C962A739C4C004FEB0B /* Badge.swift */; };
		2AB94C9A2A73A18B004FEB0B /* hikeData.json in Resources */ = {isa = PBXBuildFile; fileRef = 2AB94C992A73A18B004FEB0B /* hikeData.json */; };
		2AB94C9C2A73A1AD004FEB0B /* Hike.swift in Sources */ = {isa = PBXBuildFile; fileRef = 2AB94C9B2A73A1AD004FEB0B /* Hike.swift */; };
/* End PBXBuildFile section */

/* Begin PBXContainerItemProxy section */
		2AB94C542A720D93004FEB0B /* PBXContainerItemProxy */ = {
			isa = PBXContainerItemProxy;
			containerPortal = 2AB94C3B2A720D91004FEB0B /* Project object */;
			proxyType = 1;
			remoteGlobalIDString = 2AB94C422A720D91004FEB0B;
			remoteInfo = Landmarks;
		};
		2AB94C5E2A720D93004FEB0B /* PBXContainerItemProxy */ = {
			isa = PBXContainerItemProxy;
			containerPortal = 2AB94C3B2A720D91004FEB0B /* Project object */;
			proxyType = 1;
			remoteGlobalIDString = 2AB94C422A720D91004FEB0B;
			remoteInfo = Landmarks;
		};
/* End PBXContainerItemProxy section */

/* Begin PBXFileReference section */
		2A4E6F042A73AD5800D23B8F /* GraphCapsule.swift */ = {isa = PBXFileReference; lastKnownFileType = sourcecode.swift; path = GraphCapsule.swift; sourceTree = "<group>"; };
		2A4E6F072A73B22D00D23B8F /* HikeGraph.swift */ = {isa = PBXFileReference; lastKnownFileType = sourcecode.swift; path = HikeGraph.swift; sourceTree = "<group>"; };
		2A4E6F092A73B8E600D23B8F /* HikeDetail.swift */ = {isa = PBXFileReference; lastKnownFileType = sourcecode.swift; path = HikeDetail.swift; sourceTree = "<group>"; };
		2A4E6F0B2A73BC2B00D23B8F /* HikeView.swift */ = {isa = PBXFileReference; lastKnownFileType = sourcecode.swift; path = HikeView.swift; sourceTree = "<group>"; };
		2A4E6F0E2A73DAAC00D23B8F /* CategoryHome.swift */ = {isa = PBXFileReference; lastKnownFileType = sourcecode.swift; path = CategoryHome.swift; sourceTree = "<group>"; };
		2AB94C432A720D91004FEB0B /* Landmarks.app */ = {isa = PBXFileReference; explicitFileType = wrapper.application; includeInIndex = 0; path = Landmarks.app; sourceTree = BUILT_PRODUCTS_DIR; };
		2AB94C462A720D91004FEB0B /* LandmarksApp.swift */ = {isa = PBXFileReference; lastKnownFileType = sourcecode.swift; path = LandmarksApp.swift; sourceTree = "<group>"; };
		2AB94C482A720D91004FEB0B /* ContentView.swift */ = {isa = PBXFileReference; lastKnownFileType = sourcecode.swift; path = ContentView.swift; sourceTree = "<group>"; };
		2AB94C4A2A720D92004FEB0B /* Assets.xcassets */ = {isa = PBXFileReference; lastKnownFileType = folder.assetcatalog; path = Assets.xcassets; sourceTree = "<group>"; };
		2AB94C4D2A720D92004FEB0B /* Preview Assets.xcassets */ = {isa = PBXFileReference; lastKnownFileType = folder.assetcatalog; path = "Preview Assets.xcassets"; sourceTree = "<group>"; };
		2AB94C532A720D92004FEB0B /* LandmarksTests.xctest */ = {isa = PBXFileReference; explicitFileType = wrapper.cfbundle; includeInIndex = 0; path = LandmarksTests.xctest; sourceTree = BUILT_PRODUCTS_DIR; };
		2AB94C572A720D93004FEB0B /* LandmarksTests.swift */ = {isa = PBXFileReference; lastKnownFileType = sourcecode.swift; path = LandmarksTests.swift; sourceTree = "<group>"; };
		2AB94C5D2A720D93004FEB0B /* LandmarksUITests.xctest */ = {isa = PBXFileReference; explicitFileType = wrapper.cfbundle; includeInIndex = 0; path = LandmarksUITests.xctest; sourceTree = BUILT_PRODUCTS_DIR; };
		2AB94C612A720D93004FEB0B /* LandmarksUITests.swift */ = {isa = PBXFileReference; lastKnownFileType = sourcecode.swift; path = LandmarksUITests.swift; sourceTree = "<group>"; };
		2AB94C632A720D93004FEB0B /* LandmarksUITestsLaunchTests.swift */ = {isa = PBXFileReference; lastKnownFileType = sourcecode.swift; path = LandmarksUITestsLaunchTests.swift; sourceTree = "<group>"; };
		2AB94C722A72255E004FEB0B /* CircleImage.swift */ = {isa = PBXFileReference; lastKnownFileType = sourcecode.swift; path = CircleImage.swift; sourceTree = "<group>"; };
		2AB94C742A7226AF004FEB0B /* MapView.swift */ = {isa = PBXFileReference; lastKnownFileType = sourcecode.swift; path = MapView.swift; sourceTree = "<group>"; };
		2AB94C762A723375004FEB0B /* landmarkData.json */ = {isa = PBXFileReference; fileEncoding = 4; lastKnownFileType = text.json; path = landmarkData.json; sourceTree = "<group>"; };
		2AB94C7F2A724608004FEB0B /* LandmarkRow.swift */ = {isa = PBXFileReference; lastKnownFileType = sourcecode.swift; path = LandmarkRow.swift; sourceTree = "<group>"; };
		2AB94C812A724A0F004FEB0B /* LandmarkList.swift */ = {isa = PBXFileReference; lastKnownFileType = sourcecode.swift; path = LandmarkList.swift; sourceTree = "<group>"; };
		2AB94C832A724D0F004FEB0B /* LandmarkDetail.swift */ = {isa = PBXFileReference; lastKnownFileType = sourcecode.swift; path = LandmarkDetail.swift; sourceTree = "<group>"; };
		2AB94C862A725A90004FEB0B /* ModelData.swift */ = {isa = PBXFileReference; fileEncoding = 4; lastKnownFileType = sourcecode.swift; path = ModelData.swift; sourceTree = "<group>"; };
		2AB94C872A725A90004FEB0B /* Landmark.swift */ = {isa = PBXFileReference; fileEncoding = 4; lastKnownFileType = sourcecode.swift; path = Landmark.swift; sourceTree = "<group>"; };
		2AB94C8A2A72899A004FEB0B /* FavoriteButton.swift */ = {isa = PBXFileReference; lastKnownFileType = sourcecode.swift; path = FavoriteButton.swift; sourceTree = "<group>"; };
		2AB94C8E2A736C7B004FEB0B /* HexagonParameters.swift */ = {isa = PBXFileReference; lastKnownFileType = sourcecode.swift; path = HexagonParameters.swift; sourceTree = "<group>"; };
		2AB94C902A7374A1004FEB0B /* BadgeBackground.swift */ = {isa = PBXFileReference; lastKnownFileType = sourcecode.swift; path = BadgeBackground.swift; sourceTree = "<group>"; };
		2AB94C922A73955E004FEB0B /* BadgeSymbol.swift */ = {isa = PBXFileReference; lastKnownFileType = sourcecode.swift; path = BadgeSymbol.swift; sourceTree = "<group>"; };
		2AB94C942A739B87004FEB0B /* RotatedBadgeSymbol.swift */ = {isa = PBXFileReference; lastKnownFileType = sourcecode.swift; path = RotatedBadgeSymbol.swift; sourceTree = "<group>"; };
		2AB94C962A739C4C004FEB0B /* Badge.swift */ = {isa = PBXFileReference; lastKnownFileType = sourcecode.swift; path = Badge.swift; sourceTree = "<group>"; };
		2AB94C992A73A18B004FEB0B /* hikeData.json */ = {isa = PBXFileReference; fileEncoding = 4; lastKnownFileType = text.json; path = hikeData.json; sourceTree = "<group>"; };
		2AB94C9B2A73A1AD004FEB0B /* Hike.swift */ = {isa = PBXFileReference; lastKnownFileType = sourcecode.swift; path = Hike.swift; sourceTree = "<group>"; };
/* End PBXFileReference section */

/* Begin PBXFrameworksBuildPhase section */
		2AB94C402A720D91004FEB0B /* Frameworks */ = {
			isa = PBXFrameworksBuildPhase;
			buildActionMask = 2147483647;
			files = (
			);
			runOnlyForDeploymentPostprocessing = 0;
		};
		2AB94C502A720D92004FEB0B /* Frameworks */ = {
			isa = PBXFrameworksBuildPhase;
			buildActionMask = 2147483647;
			files = (
			);
			runOnlyForDeploymentPostprocessing = 0;
		};
		2AB94C5A2A720D93004FEB0B /* Frameworks */ = {
			isa = PBXFrameworksBuildPhase;
			buildActionMask = 2147483647;
			files = (
			);
			runOnlyForDeploymentPostprocessing = 0;
		};
/* End PBXFrameworksBuildPhase section */

/* Begin PBXGroup section */
		2A4E6F062A73B1D800D23B8F /* Hikes */ = {
			isa = PBXGroup;
			children = (
				2A4E6F042A73AD5800D23B8F /* GraphCapsule.swift */,
				2A4E6F072A73B22D00D23B8F /* HikeGraph.swift */,
				2A4E6F092A73B8E600D23B8F /* HikeDetail.swift */,
				2A4E6F0B2A73BC2B00D23B8F /* HikeView.swift */,
			);
			path = Hikes;
			sourceTree = "<group>";
		};
		2A4E6F0D2A73DA8600D23B8F /* Categories */ = {
			isa = PBXGroup;
			children = (
				2A4E6F0E2A73DAAC00D23B8F /* CategoryHome.swift */,
			);
			path = Categories;
			sourceTree = "<group>";
		};
		2AB94C3A2A720D91004FEB0B = {
			isa = PBXGroup;
			children = (
				2AB94C452A720D91004FEB0B /* Landmarks */,
				2AB94C562A720D93004FEB0B /* LandmarksTests */,
				2AB94C602A720D93004FEB0B /* LandmarksUITests */,
				2AB94C442A720D91004FEB0B /* Products */,
			);
			sourceTree = "<group>";
		};
		2AB94C442A720D91004FEB0B /* Products */ = {
			isa = PBXGroup;
			children = (
				2AB94C432A720D91004FEB0B /* Landmarks.app */,
				2AB94C532A720D92004FEB0B /* LandmarksTests.xctest */,
				2AB94C5D2A720D93004FEB0B /* LandmarksUITests.xctest */,
			);
			name = Products;
			sourceTree = "<group>";
		};
		2AB94C452A720D91004FEB0B /* Landmarks */ = {
			isa = PBXGroup;
			children = (
				2AB94C462A720D91004FEB0B /* LandmarksApp.swift */,
				2AB94C7C2A723BBA004FEB0B /* Views */,
				2AB94C852A725A90004FEB0B /* Model */,
				2AB94C7E2A723BEE004FEB0B /* Resources */,
				2AB94C4A2A720D92004FEB0B /* Assets.xcassets */,
				2AB94C4C2A720D92004FEB0B /* Preview Content */,
			);
			path = Landmarks;
			sourceTree = "<group>";
		};
		2AB94C4C2A720D92004FEB0B /* Preview Content */ = {
			isa = PBXGroup;
			children = (
				2AB94C4D2A720D92004FEB0B /* Preview Assets.xcassets */,
			);
			path = "Preview Content";
			sourceTree = "<group>";
		};
		2AB94C562A720D93004FEB0B /* LandmarksTests */ = {
			isa = PBXGroup;
			children = (
				2AB94C572A720D93004FEB0B /* LandmarksTests.swift */,
			);
			path = LandmarksTests;
			sourceTree = "<group>";
		};
		2AB94C602A720D93004FEB0B /* LandmarksUITests */ = {
			isa = PBXGroup;
			children = (
				2AB94C612A720D93004FEB0B /* LandmarksUITests.swift */,
				2AB94C632A720D93004FEB0B /* LandmarksUITestsLaunchTests.swift */,
			);
			path = LandmarksUITests;
			sourceTree = "<group>";
		};
		2AB94C7C2A723BBA004FEB0B /* Views */ = {
			isa = PBXGroup;
			children = (
				2AB94C482A720D91004FEB0B /* ContentView.swift */,
				2A4E6F0D2A73DA8600D23B8F /* Categories */,
				2AB94C8D2A729649004FEB0B /* Helpers */,
				2AB94C8C2A729627004FEB0B /* Landmarks */,
				2AB94C982A739E7D004FEB0B /* Badges */,
				2A4E6F062A73B1D800D23B8F /* Hikes */,
			);
			path = Views;
			sourceTree = "<group>";
		};
		2AB94C7E2A723BEE004FEB0B /* Resources */ = {
			isa = PBXGroup;
			children = (
				2AB94C762A723375004FEB0B /* landmarkData.json */,
				2AB94C992A73A18B004FEB0B /* hikeData.json */,
			);
			path = Resources;
			sourceTree = "<group>";
		};
		2AB94C852A725A90004FEB0B /* Model */ = {
			isa = PBXGroup;
			children = (
				2AB94C9B2A73A1AD004FEB0B /* Hike.swift */,
				2AB94C862A725A90004FEB0B /* ModelData.swift */,
				2AB94C872A725A90004FEB0B /* Landmark.swift */,
			);
			path = Model;
			sourceTree = "<group>";
		};
		2AB94C8C2A729627004FEB0B /* Landmarks */ = {
			isa = PBXGroup;
			children = (
				2AB94C7F2A724608004FEB0B /* LandmarkRow.swift */,
				2AB94C812A724A0F004FEB0B /* LandmarkList.swift */,
				2AB94C832A724D0F004FEB0B /* LandmarkDetail.swift */,
			);
			path = Landmarks;
			sourceTree = "<group>";
		};
		2AB94C8D2A729649004FEB0B /* Helpers */ = {
			isa = PBXGroup;
			children = (
				2AB94C722A72255E004FEB0B /* CircleImage.swift */,
				2AB94C742A7226AF004FEB0B /* MapView.swift */,
				2AB94C8A2A72899A004FEB0B /* FavoriteButton.swift */,
			);
			path = Helpers;
			sourceTree = "<group>";
		};
		2AB94C982A739E7D004FEB0B /* Badges */ = {
			isa = PBXGroup;
			children = (
				2AB94C8E2A736C7B004FEB0B /* HexagonParameters.swift */,
				2AB94C902A7374A1004FEB0B /* BadgeBackground.swift */,
				2AB94C922A73955E004FEB0B /* BadgeSymbol.swift */,
				2AB94C942A739B87004FEB0B /* RotatedBadgeSymbol.swift */,
				2AB94C962A739C4C004FEB0B /* Badge.swift */,
			);
			path = Badges;
			sourceTree = "<group>";
		};
/* End PBXGroup section */

/* Begin PBXNativeTarget section */
		2AB94C422A720D91004FEB0B /* Landmarks */ = {
			isa = PBXNativeTarget;
			buildConfigurationList = 2AB94C672A720D93004FEB0B /* Build configuration list for PBXNativeTarget "Landmarks" */;
			buildPhases = (
				2AB94C3F2A720D91004FEB0B /* Sources */,
				2AB94C402A720D91004FEB0B /* Frameworks */,
				2AB94C412A720D91004FEB0B /* Resources */,
			);
			buildRules = (
			);
			dependencies = (
			);
			name = Landmarks;
			productName = Landmarks;
			productReference = 2AB94C432A720D91004FEB0B /* Landmarks.app */;
			productType = "com.apple.product-type.application";
		};
		2AB94C522A720D92004FEB0B /* LandmarksTests */ = {
			isa = PBXNativeTarget;
			buildConfigurationList = 2AB94C6A2A720D93004FEB0B /* Build configuration list for PBXNativeTarget "LandmarksTests" */;
			buildPhases = (
				2AB94C4F2A720D92004FEB0B /* Sources */,
				2AB94C502A720D92004FEB0B /* Frameworks */,
				2AB94C512A720D92004FEB0B /* Resources */,
			);
			buildRules = (
			);
			dependencies = (
				2AB94C552A720D93004FEB0B /* PBXTargetDependency */,
			);
			name = LandmarksTests;
			productName = LandmarksTests;
			productReference = 2AB94C532A720D92004FEB0B /* LandmarksTests.xctest */;
			productType = "com.apple.product-type.bundle.unit-test";
		};
		2AB94C5C2A720D93004FEB0B /* LandmarksUITests */ = {
			isa = PBXNativeTarget;
			buildConfigurationList = 2AB94C6D2A720D93004FEB0B /* Build configuration list for PBXNativeTarget "LandmarksUITests" */;
			buildPhases = (
				2AB94C592A720D93004FEB0B /* Sources */,
				2AB94C5A2A720D93004FEB0B /* Frameworks */,
				2AB94C5B2A720D93004FEB0B /* Resources */,
			);
			buildRules = (
			);
			dependencies = (
				2AB94C5F2A720D93004FEB0B /* PBXTargetDependency */,
			);
			name = LandmarksUITests;
			productName = LandmarksUITests;
			productReference = 2AB94C5D2A720D93004FEB0B /* LandmarksUITests.xctest */;
			productType = "com.apple.product-type.bundle.ui-testing";
		};
/* End PBXNativeTarget section */

/* Begin PBXProject section */
		2AB94C3B2A720D91004FEB0B /* Project object */ = {
			isa = PBXProject;
			attributes = {
				BuildIndependentTargetsInParallel = 1;
				LastSwiftUpdateCheck = 1430;
				LastUpgradeCheck = 1430;
				TargetAttributes = {
					2AB94C422A720D91004FEB0B = {
						CreatedOnToolsVersion = 14.3;
					};
					2AB94C522A720D92004FEB0B = {
						CreatedOnToolsVersion = 14.3;
						TestTargetID = 2AB94C422A720D91004FEB0B;
					};
					2AB94C5C2A720D93004FEB0B = {
						CreatedOnToolsVersion = 14.3;
						TestTargetID = 2AB94C422A720D91004FEB0B;
					};
				};
			};
			buildConfigurationList = 2AB94C3E2A720D91004FEB0B /* Build configuration list for PBXProject "Landmarks" */;
			compatibilityVersion = "Xcode 14.0";
			developmentRegion = en;
			hasScannedForEncodings = 0;
			knownRegions = (
				en,
				Base,
			);
			mainGroup = 2AB94C3A2A720D91004FEB0B;
			productRefGroup = 2AB94C442A720D91004FEB0B /* Products */;
			projectDirPath = "";
			projectRoot = "";
			targets = (
				2AB94C422A720D91004FEB0B /* Landmarks */,
				2AB94C522A720D92004FEB0B /* LandmarksTests */,
				2AB94C5C2A720D93004FEB0B /* LandmarksUITests */,
			);
		};
/* End PBXProject section */

/* Begin PBXResourcesBuildPhase section */
		2AB94C412A720D91004FEB0B /* Resources */ = {
			isa = PBXResourcesBuildPhase;
			buildActionMask = 2147483647;
			files = (
				2AB94C9A2A73A18B004FEB0B /* hikeData.json in Resources */,
				2AB94C4E2A720D92004FEB0B /* Preview Assets.xcassets in Resources */,
				2AB94C4B2A720D92004FEB0B /* Assets.xcassets in Resources */,
				2AB94C772A723375004FEB0B /* landmarkData.json in Resources */,
			);
			runOnlyForDeploymentPostprocessing = 0;
		};
		2AB94C512A720D92004FEB0B /* Resources */ = {
			isa = PBXResourcesBuildPhase;
			buildActionMask = 2147483647;
			files = (
			);
			runOnlyForDeploymentPostprocessing = 0;
		};
		2AB94C5B2A720D93004FEB0B /* Resources */ = {
			isa = PBXResourcesBuildPhase;
			buildActionMask = 2147483647;
			files = (
			);
			runOnlyForDeploymentPostprocessing = 0;
		};
/* End PBXResourcesBuildPhase section */

/* Begin PBXSourcesBuildPhase section */
		2AB94C3F2A720D91004FEB0B /* Sources */ = {
			isa = PBXSourcesBuildPhase;
			buildActionMask = 2147483647;
			files = (
				2AB94C492A720D91004FEB0B /* ContentView.swift in Sources */,
				2A4E6F0F2A73DAAC00D23B8F /* CategoryHome.swift in Sources */,
				2A4E6F082A73B22D00D23B8F /* HikeGraph.swift in Sources */,
				2AB94C972A739C4C004FEB0B /* Badge.swift in Sources */,
				2AB94C752A7226AF004FEB0B /* MapView.swift in Sources */,
				2A4E6F052A73AD5800D23B8F /* GraphCapsule.swift in Sources */,
				2AB94C472A720D91004FEB0B /* LandmarksApp.swift in Sources */,
				2AB94C8B2A72899A004FEB0B /* FavoriteButton.swift in Sources */,
				2A4E6F0A2A73B8E600D23B8F /* HikeDetail.swift in Sources */,
				2AB94C8F2A736C7B004FEB0B /* HexagonParameters.swift in Sources */,
				2AB94C9C2A73A1AD004FEB0B /* Hike.swift in Sources */,
				2AB94C952A739B87004FEB0B /* RotatedBadgeSymbol.swift in Sources */,
				2AB94C932A73955E004FEB0B /* BadgeSymbol.swift in Sources */,
				2AB94C822A724A0F004FEB0B /* LandmarkList.swift in Sources */,
				2A4E6F0C2A73BC2B00D23B8F /* HikeView.swift in Sources */,
				2AB94C842A724D0F004FEB0B /* LandmarkDetail.swift in Sources */,
				2AB94C912A7374A1004FEB0B /* BadgeBackground.swift in Sources */,
				2AB94C892A725A91004FEB0B /* Landmark.swift in Sources */,
				2AB94C882A725A91004FEB0B /* ModelData.swift in Sources */,
				2AB94C732A72255E004FEB0B /* CircleImage.swift in Sources */,
				2AB94C802A724608004FEB0B /* LandmarkRow.swift in Sources */,
			);
			runOnlyForDeploymentPostprocessing = 0;
		};
		2AB94C4F2A720D92004FEB0B /* Sources */ = {
			isa = PBXSourcesBuildPhase;
			buildActionMask = 2147483647;
			files = (
				2AB94C582A720D93004FEB0B /* LandmarksTests.swift in Sources */,
			);
			runOnlyForDeploymentPostprocessing = 0;
		};
		2AB94C592A720D93004FEB0B /* Sources */ = {
			isa = PBXSourcesBuildPhase;
			buildActionMask = 2147483647;
			files = (
				2AB94C642A720D93004FEB0B /* LandmarksUITestsLaunchTests.swift in Sources */,
				2AB94C622A720D93004FEB0B /* LandmarksUITests.swift in Sources */,
			);
			runOnlyForDeploymentPostprocessing = 0;
		};
/* End PBXSourcesBuildPhase section */

/* Begin PBXTargetDependency section */
		2AB94C552A720D93004FEB0B /* PBXTargetDependency */ = {
			isa = PBXTargetDependency;
			target = 2AB94C422A720D91004FEB0B /* Landmarks */;
			targetProxy = 2AB94C542A720D93004FEB0B /* PBXContainerItemProxy */;
		};
		2AB94C5F2A720D93004FEB0B /* PBXTargetDependency */ = {
			isa = PBXTargetDependency;
			target = 2AB94C422A720D91004FEB0B /* Landmarks */;
			targetProxy = 2AB94C5E2A720D93004FEB0B /* PBXContainerItemProxy */;
		};
/* End PBXTargetDependency section */

/* Begin XCBuildConfiguration section */
		2AB94C652A720D93004FEB0B /* Debug */ = {
			isa = XCBuildConfiguration;
			buildSettings = {
				ALWAYS_SEARCH_USER_PATHS = NO;
				CLANG_ANALYZER_NONNULL = YES;
				CLANG_ANALYZER_NUMBER_OBJECT_CONVERSION = YES_AGGRESSIVE;
				CLANG_CXX_LANGUAGE_STANDARD = "gnu++20";
				CLANG_ENABLE_MODULES = YES;
				CLANG_ENABLE_OBJC_ARC = YES;
				CLANG_ENABLE_OBJC_WEAK = YES;
				CLANG_WARN_BLOCK_CAPTURE_AUTORELEASING = YES;
				CLANG_WARN_BOOL_CONVERSION = YES;
				CLANG_WARN_COMMA = YES;
				CLANG_WARN_CONSTANT_CONVERSION = YES;
				CLANG_WARN_DEPRECATED_OBJC_IMPLEMENTATIONS = YES;
				CLANG_WARN_DIRECT_OBJC_ISA_USAGE = YES_ERROR;
				CLANG_WARN_DOCUMENTATION_COMMENTS = YES;
				CLANG_WARN_EMPTY_BODY = YES;
				CLANG_WARN_ENUM_CONVERSION = YES;
				CLANG_WARN_INFINITE_RECURSION = YES;
				CLANG_WARN_INT_CONVERSION = YES;
				CLANG_WARN_NON_LITERAL_NULL_CONVERSION = YES;
				CLANG_WARN_OBJC_IMPLICIT_RETAIN_SELF = YES;
				CLANG_WARN_OBJC_LITERAL_CONVERSION = YES;
				CLANG_WARN_OBJC_ROOT_CLASS = YES_ERROR;
				CLANG_WARN_QUOTED_INCLUDE_IN_FRAMEWORK_HEADER = YES;
				CLANG_WARN_RANGE_LOOP_ANALYSIS = YES;
				CLANG_WARN_STRICT_PROTOTYPES = YES;
				CLANG_WARN_SUSPICIOUS_MOVE = YES;
				CLANG_WARN_UNGUARDED_AVAILABILITY = YES_AGGRESSIVE;
				CLANG_WARN_UNREACHABLE_CODE = YES;
				CLANG_WARN__DUPLICATE_METHOD_MATCH = YES;
				COPY_PHASE_STRIP = NO;
				DEBUG_INFORMATION_FORMAT = dwarf;
				ENABLE_STRICT_OBJC_MSGSEND = YES;
				ENABLE_TESTABILITY = YES;
				GCC_C_LANGUAGE_STANDARD = gnu11;
				GCC_DYNAMIC_NO_PIC = NO;
				GCC_NO_COMMON_BLOCKS = YES;
				GCC_OPTIMIZATION_LEVEL = 0;
				GCC_PREPROCESSOR_DEFINITIONS = (
					"DEBUG=1",
					"$(inherited)",
				);
				GCC_WARN_64_TO_32_BIT_CONVERSION = YES;
				GCC_WARN_ABOUT_RETURN_TYPE = YES_ERROR;
				GCC_WARN_UNDECLARED_SELECTOR = YES;
				GCC_WARN_UNINITIALIZED_AUTOS = YES_AGGRESSIVE;
				GCC_WARN_UNUSED_FUNCTION = YES;
				GCC_WARN_UNUSED_VARIABLE = YES;
				IPHONEOS_DEPLOYMENT_TARGET = 16.4;
				MTL_ENABLE_DEBUG_INFO = INCLUDE_SOURCE;
				MTL_FAST_MATH = YES;
				ONLY_ACTIVE_ARCH = YES;
				SDKROOT = iphoneos;
				SWIFT_ACTIVE_COMPILATION_CONDITIONS = DEBUG;
				SWIFT_OPTIMIZATION_LEVEL = "-Onone";
			};
			name = Debug;
		};
		2AB94C662A720D93004FEB0B /* Release */ = {
			isa = XCBuildConfiguration;
			buildSettings = {
				ALWAYS_SEARCH_USER_PATHS = NO;
				CLANG_ANALYZER_NONNULL = YES;
				CLANG_ANALYZER_NUMBER_OBJECT_CONVERSION = YES_AGGRESSIVE;
				CLANG_CXX_LANGUAGE_STANDARD = "gnu++20";
				CLANG_ENABLE_MODULES = YES;
				CLANG_ENABLE_OBJC_ARC = YES;
				CLANG_ENABLE_OBJC_WEAK = YES;
				CLANG_WARN_BLOCK_CAPTURE_AUTORELEASING = YES;
				CLANG_WARN_BOOL_CONVERSION = YES;
				CLANG_WARN_COMMA = YES;
				CLANG_WARN_CONSTANT_CONVERSION = YES;
				CLANG_WARN_DEPRECATED_OBJC_IMPLEMENTATIONS = YES;
				CLANG_WARN_DIRECT_OBJC_ISA_USAGE = YES_ERROR;
				CLANG_WARN_DOCUMENTATION_COMMENTS = YES;
				CLANG_WARN_EMPTY_BODY = YES;
				CLANG_WARN_ENUM_CONVERSION = YES;
				CLANG_WARN_INFINITE_RECURSION = YES;
				CLANG_WARN_INT_CONVERSION = YES;
				CLANG_WARN_NON_LITERAL_NULL_CONVERSION = YES;
				CLANG_WARN_OBJC_IMPLICIT_RETAIN_SELF = YES;
				CLANG_WARN_OBJC_LITERAL_CONVERSION = YES;
				CLANG_WARN_OBJC_ROOT_CLASS = YES_ERROR;
				CLANG_WARN_QUOTED_INCLUDE_IN_FRAMEWORK_HEADER = YES;
				CLANG_WARN_RANGE_LOOP_ANALYSIS = YES;
				CLANG_WARN_STRICT_PROTOTYPES = YES;
				CLANG_WARN_SUSPICIOUS_MOVE = YES;
				CLANG_WARN_UNGUARDED_AVAILABILITY = YES_AGGRESSIVE;
				CLANG_WARN_UNREACHABLE_CODE = YES;
				CLANG_WARN__DUPLICATE_METHOD_MATCH = YES;
				COPY_PHASE_STRIP = NO;
				DEBUG_INFORMATION_FORMAT = "dwarf-with-dsym";
				ENABLE_NS_ASSERTIONS = NO;
				ENABLE_STRICT_OBJC_MSGSEND = YES;
				GCC_C_LANGUAGE_STANDARD = gnu11;
				GCC_NO_COMMON_BLOCKS = YES;
				GCC_WARN_64_TO_32_BIT_CONVERSION = YES;
				GCC_WARN_ABOUT_RETURN_TYPE = YES_ERROR;
				GCC_WARN_UNDECLARED_SELECTOR = YES;
				GCC_WARN_UNINITIALIZED_AUTOS = YES_AGGRESSIVE;
				GCC_WARN_UNUSED_FUNCTION = YES;
				GCC_WARN_UNUSED_VARIABLE = YES;
				IPHONEOS_DEPLOYMENT_TARGET = 16.4;
				MTL_ENABLE_DEBUG_INFO = NO;
				MTL_FAST_MATH = YES;
				SDKROOT = iphoneos;
				SWIFT_COMPILATION_MODE = wholemodule;
				SWIFT_OPTIMIZATION_LEVEL = "-O";
				VALIDATE_PRODUCT = YES;
			};
			name = Release;
		};
		2AB94C682A720D93004FEB0B /* Debug */ = {
			isa = XCBuildConfiguration;
			buildSettings = {
				ASSETCATALOG_COMPILER_APPICON_NAME = AppIcon;
				ASSETCATALOG_COMPILER_GLOBAL_ACCENT_COLOR_NAME = AccentColor;
				CODE_SIGN_STYLE = Automatic;
				CURRENT_PROJECT_VERSION = 1;
				DEVELOPMENT_ASSET_PATHS = "\"Landmarks/Preview Content\"";
				DEVELOPMENT_TEAM = 5K6BH2N7SF;
				ENABLE_PREVIEWS = YES;
				GENERATE_INFOPLIST_FILE = YES;
				INFOPLIST_KEY_UIApplicationSceneManifest_Generation = YES;
				INFOPLIST_KEY_UIApplicationSupportsIndirectInputEvents = YES;
				INFOPLIST_KEY_UILaunchScreen_Generation = YES;
				INFOPLIST_KEY_UISupportedInterfaceOrientations_iPad = "UIInterfaceOrientationPortrait UIInterfaceOrientationPortraitUpsideDown UIInterfaceOrientationLandscapeLeft UIInterfaceOrientationLandscapeRight";
				INFOPLIST_KEY_UISupportedInterfaceOrientations_iPhone = "UIInterfaceOrientationPortrait UIInterfaceOrientationLandscapeLeft UIInterfaceOrientationLandscapeRight";
				LD_RUNPATH_SEARCH_PATHS = (
					"$(inherited)",
					"@executable_path/Frameworks",
				);
				MARKETING_VERSION = 1.0;
				PRODUCT_BUNDLE_IDENTIFIER = com.galih.Landmarks;
				PRODUCT_NAME = "$(TARGET_NAME)";
				SWIFT_EMIT_LOC_STRINGS = YES;
				SWIFT_VERSION = 5.0;
				TARGETED_DEVICE_FAMILY = "1,2";
			};
			name = Debug;
		};
		2AB94C692A720D93004FEB0B /* Release */ = {
			isa = XCBuildConfiguration;
			buildSettings = {
				ASSETCATALOG_COMPILER_APPICON_NAME = AppIcon;
				ASSETCATALOG_COMPILER_GLOBAL_ACCENT_COLOR_NAME = AccentColor;
				CODE_SIGN_STYLE = Automatic;
				CURRENT_PROJECT_VERSION = 1;
				DEVELOPMENT_ASSET_PATHS = "\"Landmarks/Preview Content\"";
				DEVELOPMENT_TEAM = 5K6BH2N7SF;
				ENABLE_PREVIEWS = YES;
				GENERATE_INFOPLIST_FILE = YES;
				INFOPLIST_KEY_UIApplicationSceneManifest_Generation = YES;
				INFOPLIST_KEY_UIApplicationSupportsIndirectInputEvents = YES;
				INFOPLIST_KEY_UILaunchScreen_Generation = YES;
				INFOPLIST_KEY_UISupportedInterfaceOrientations_iPad = "UIInterfaceOrientationPortrait UIInterfaceOrientationPortraitUpsideDown UIInterfaceOrientationLandscapeLeft UIInterfaceOrientationLandscapeRight";
				INFOPLIST_KEY_UISupportedInterfaceOrientations_iPhone = "UIInterfaceOrientationPortrait UIInterfaceOrientationLandscapeLeft UIInterfaceOrientationLandscapeRight";
				LD_RUNPATH_SEARCH_PATHS = (
					"$(inherited)",
					"@executable_path/Frameworks",
				);
				MARKETING_VERSION = 1.0;
				PRODUCT_BUNDLE_IDENTIFIER = com.galih.Landmarks;
				PRODUCT_NAME = "$(TARGET_NAME)";
				SWIFT_EMIT_LOC_STRINGS = YES;
				SWIFT_VERSION = 5.0;
				TARGETED_DEVICE_FAMILY = "1,2";
			};
			name = Release;
		};
		2AB94C6B2A720D93004FEB0B /* Debug */ = {
			isa = XCBuildConfiguration;
			buildSettings = {
				ALWAYS_EMBED_SWIFT_STANDARD_LIBRARIES = YES;
				BUNDLE_LOADER = "$(TEST_HOST)";
				CODE_SIGN_STYLE = Automatic;
				CURRENT_PROJECT_VERSION = 1;
				DEVELOPMENT_TEAM = 5K6BH2N7SF;
				GENERATE_INFOPLIST_FILE = YES;
				IPHONEOS_DEPLOYMENT_TARGET = 16.4;
				MARKETING_VERSION = 1.0;
				PRODUCT_BUNDLE_IDENTIFIER = com.galih.LandmarksTests;
				PRODUCT_NAME = "$(TARGET_NAME)";
				SWIFT_EMIT_LOC_STRINGS = NO;
				SWIFT_VERSION = 5.0;
				TARGETED_DEVICE_FAMILY = "1,2";
				TEST_HOST = "$(BUILT_PRODUCTS_DIR)/Landmarks.app/$(BUNDLE_EXECUTABLE_FOLDER_PATH)/Landmarks";
			};
			name = Debug;
		};
		2AB94C6C2A720D93004FEB0B /* Release */ = {
			isa = XCBuildConfiguration;
			buildSettings = {
				ALWAYS_EMBED_SWIFT_STANDARD_LIBRARIES = YES;
				BUNDLE_LOADER = "$(TEST_HOST)";
				CODE_SIGN_STYLE = Automatic;
				CURRENT_PROJECT_VERSION = 1;
				DEVELOPMENT_TEAM = 5K6BH2N7SF;
				GENERATE_INFOPLIST_FILE = YES;
				IPHONEOS_DEPLOYMENT_TARGET = 16.4;
				MARKETING_VERSION = 1.0;
				PRODUCT_BUNDLE_IDENTIFIER = com.galih.LandmarksTests;
				PRODUCT_NAME = "$(TARGET_NAME)";
				SWIFT_EMIT_LOC_STRINGS = NO;
				SWIFT_VERSION = 5.0;
				TARGETED_DEVICE_FAMILY = "1,2";
				TEST_HOST = "$(BUILT_PRODUCTS_DIR)/Landmarks.app/$(BUNDLE_EXECUTABLE_FOLDER_PATH)/Landmarks";
			};
			name = Release;
		};
		2AB94C6E2A720D93004FEB0B /* Debug */ = {
			isa = XCBuildConfiguration;
			buildSettings = {
				ALWAYS_EMBED_SWIFT_STANDARD_LIBRARIES = YES;
				CODE_SIGN_STYLE = Automatic;
				CURRENT_PROJECT_VERSION = 1;
				DEVELOPMENT_TEAM = 5K6BH2N7SF;
				GENERATE_INFOPLIST_FILE = YES;
				MARKETING_VERSION = 1.0;
				PRODUCT_BUNDLE_IDENTIFIER = com.galih.LandmarksUITests;
				PRODUCT_NAME = "$(TARGET_NAME)";
				SWIFT_EMIT_LOC_STRINGS = NO;
				SWIFT_VERSION = 5.0;
				TARGETED_DEVICE_FAMILY = "1,2";
				TEST_TARGET_NAME = Landmarks;
			};
			name = Debug;
		};
		2AB94C6F2A720D93004FEB0B /* Release */ = {
			isa = XCBuildConfiguration;
			buildSettings = {
				ALWAYS_EMBED_SWIFT_STANDARD_LIBRARIES = YES;
				CODE_SIGN_STYLE = Automatic;
				CURRENT_PROJECT_VERSION = 1;
				DEVELOPMENT_TEAM = 5K6BH2N7SF;
				GENERATE_INFOPLIST_FILE = YES;
				MARKETING_VERSION = 1.0;
				PRODUCT_BUNDLE_IDENTIFIER = com.galih.LandmarksUITests;
				PRODUCT_NAME = "$(TARGET_NAME)";
				SWIFT_EMIT_LOC_STRINGS = NO;
				SWIFT_VERSION = 5.0;
				TARGETED_DEVICE_FAMILY = "1,2";
				TEST_TARGET_NAME = Landmarks;
			};
			name = Release;
		};
/* End XCBuildConfiguration section */

/* Begin XCConfigurationList section */
		2AB94C3E2A720D91004FEB0B /* Build configuration list for PBXProject "Landmarks" */ = {
			isa = XCConfigurationList;
			buildConfigurations = (
				2AB94C652A720D93004FEB0B /* Debug */,
				2AB94C662A720D93004FEB0B /* Release */,
			);
			defaultConfigurationIsVisible = 0;
			defaultConfigurationName = Release;
		};
		2AB94C672A720D93004FEB0B /* Build configuration list for PBXNativeTarget "Landmarks" */ = {
			isa = XCConfigurationList;
			buildConfigurations = (
				2AB94C682A720D93004FEB0B /* Debug */,
				2AB94C692A720D93004FEB0B /* Release */,
			);
			defaultConfigurationIsVisible = 0;
			defaultConfigurationName = Release;
		};
		2AB94C6A2A720D93004FEB0B /* Build configuration list for PBXNativeTarget "LandmarksTests" */ = {
			isa = XCConfigurationList;
			buildConfigurations = (
				2AB94C6B2A720D93004FEB0B /* Debug */,
				2AB94C6C2A720D93004FEB0B /* Release */,
			);
			defaultConfigurationIsVisible = 0;
			defaultConfigurationName = Release;
		};
		2AB94C6D2A720D93004FEB0B /* Build configuration list for PBXNativeTarget "LandmarksUITests" */ = {
			isa = XCConfigurationList;
			buildConfigurations = (
				2AB94C6E2A720D93004FEB0B /* Debug */,
				2AB94C6F2A720D93004FEB0B /* Release */,
			);
			defaultConfigurationIsVisible = 0;
			defaultConfigurationName = Release;
		};
/* End XCConfigurationList section */
	};
	rootObject = 2AB94C3B2A720D91004FEB0B /* Project object */;
}
